// !$*UTF8*$!
{
	archiveVersion = 1;
	classes = {
	};
	objectVersion = 46;
	objects = {

/* Begin PBXBuildFile section */
		CB009B5E19A9A24200FC06A0 /* TAGViewHelpers.m in Sources */ = {isa = PBXBuildFile; fileRef = CB009B5D19A9A24200FC06A0 /* TAGViewHelpers.m */; };
		CB068138198E9ABE00B13E49 /* TAGSessionStore.m in Sources */ = {isa = PBXBuildFile; fileRef = CB068137198E9ABE00B13E49 /* TAGSessionStore.m */; };
		CB06813E198E9EB000B13E49 /* TAGAuthStore.m in Sources */ = {isa = PBXBuildFile; fileRef = CB06813D198E9EB000B13E49 /* TAGAuthStore.m */; };
		CB068143198EA9EF00B13E49 /* TAGTagsViewController.m in Sources */ = {isa = PBXBuildFile; fileRef = CB068142198EA9EF00B13E49 /* TAGTagsViewController.m */; };
		CB06814A198EC5F300B13E49 /* bulbSelected@2x.png in Resources */ = {isa = PBXBuildFile; fileRef = CB068148198EC5F300B13E49 /* bulbSelected@2x.png */; };
		CB06814B198EC5F300B13E49 /* bulbUnselected@2x.png in Resources */ = {isa = PBXBuildFile; fileRef = CB068149198EC5F300B13E49 /* bulbUnselected@2x.png */; };
		CB06814E198EC64A00B13E49 /* tagSelected@2x.png in Resources */ = {isa = PBXBuildFile; fileRef = CB06814C198EC64A00B13E49 /* tagSelected@2x.png */; };
		CB06814F198EC64A00B13E49 /* tagUnselected@2x.png in Resources */ = {isa = PBXBuildFile; fileRef = CB06814D198EC64A00B13E49 /* tagUnselected@2x.png */; };
		CB068151198EC98600B13E49 /* filterIcon@2x.png in Resources */ = {isa = PBXBuildFile; fileRef = CB068150198EC98600B13E49 /* filterIcon@2x.png */; };
		CB068153198ECA4100B13E49 /* navBarLogo@2x.png in Resources */ = {isa = PBXBuildFile; fileRef = CB068152198ECA4100B13E49 /* navBarLogo@2x.png */; };
		CB068159198ECCEB00B13E49 /* TAGErrorAlert.m in Sources */ = {isa = PBXBuildFile; fileRef = CB068158198ECCEB00B13E49 /* TAGErrorAlert.m */; };
		CB06815C198ECED200B13E49 /* TAGTagStore.m in Sources */ = {isa = PBXBuildFile; fileRef = CB06815B198ECED200B13E49 /* TAGTagStore.m */; };
		CB068160198ED06300B13E49 /* TAGTag.m in Sources */ = {isa = PBXBuildFile; fileRef = CB06815F198ED06300B13E49 /* TAGTag.m */; };
		CB068163198ED08400B13E49 /* TAGTagChannel.m in Sources */ = {isa = PBXBuildFile; fileRef = CB068162198ED08400B13E49 /* TAGTagChannel.m */; };
		CB0681691991FCF100B13E49 /* TAGTagTableViewCell.m in Sources */ = {isa = PBXBuildFile; fileRef = CB0681681991FCF100B13E49 /* TAGTagTableViewCell.m */; };
		CB06816E1995D75C00B13E49 /* ape_do_good_printing_SF@2x.png in Resources */ = {isa = PBXBuildFile; fileRef = CB06816D1995D75C00B13E49 /* ape_do_good_printing_SF@2x.png */; };
		CB267397198DE3FA00CB02A1 /* Foundation.framework in Frameworks */ = {isa = PBXBuildFile; fileRef = CB267396198DE3FA00CB02A1 /* Foundation.framework */; };
		CB267399198DE3FA00CB02A1 /* CoreGraphics.framework in Frameworks */ = {isa = PBXBuildFile; fileRef = CB267398198DE3FA00CB02A1 /* CoreGraphics.framework */; };
		CB26739B198DE3FA00CB02A1 /* UIKit.framework in Frameworks */ = {isa = PBXBuildFile; fileRef = CB26739A198DE3FA00CB02A1 /* UIKit.framework */; };
		CB2673A1198DE3FA00CB02A1 /* InfoPlist.strings in Resources */ = {isa = PBXBuildFile; fileRef = CB26739F198DE3FA00CB02A1 /* InfoPlist.strings */; };
		CB2673A3198DE3FA00CB02A1 /* main.m in Sources */ = {isa = PBXBuildFile; fileRef = CB2673A2198DE3FA00CB02A1 /* main.m */; };
		CB2673A7198DE3FA00CB02A1 /* TAGAppDelegate.m in Sources */ = {isa = PBXBuildFile; fileRef = CB2673A6198DE3FA00CB02A1 /* TAGAppDelegate.m */; };
		CB2673A9198DE3FA00CB02A1 /* Images.xcassets in Resources */ = {isa = PBXBuildFile; fileRef = CB2673A8198DE3FA00CB02A1 /* Images.xcassets */; };
		CB2673B0198DE3FA00CB02A1 /* XCTest.framework in Frameworks */ = {isa = PBXBuildFile; fileRef = CB2673AF198DE3FA00CB02A1 /* XCTest.framework */; };
		CB2673B1198DE3FA00CB02A1 /* Foundation.framework in Frameworks */ = {isa = PBXBuildFile; fileRef = CB267396198DE3FA00CB02A1 /* Foundation.framework */; };
		CB2673B2198DE3FA00CB02A1 /* UIKit.framework in Frameworks */ = {isa = PBXBuildFile; fileRef = CB26739A198DE3FA00CB02A1 /* UIKit.framework */; };
		CB2673BA198DE3FA00CB02A1 /* InfoPlist.strings in Resources */ = {isa = PBXBuildFile; fileRef = CB2673B8198DE3FA00CB02A1 /* InfoPlist.strings */; };
		CB2673BC198DE3FA00CB02A1 /* TagitTests.m in Sources */ = {isa = PBXBuildFile; fileRef = CB2673BB198DE3FA00CB02A1 /* TagitTests.m */; };
		CB2673CB198DEA3500CB02A1 /* TAGLoginViewController.m in Sources */ = {isa = PBXBuildFile; fileRef = CB2673CA198DEA3500CB02A1 /* TAGLoginViewController.m */; };
		CB615CF91995F4FB00624A8F /* profile_photo@2x.png in Resources */ = {isa = PBXBuildFile; fileRef = CB615CF81995F4FB00624A8F /* profile_photo@2x.png */; };
		CB6DA4DE19A3270900BB71EE /* TAGProfileViewController.m in Sources */ = {isa = PBXBuildFile; fileRef = CB6DA4DD19A3270900BB71EE /* TAGProfileViewController.m */; };
		CB6DA4E119A32A4800BB71EE /* profileSelected@2x.png in Resources */ = {isa = PBXBuildFile; fileRef = CB6DA4DF19A32A4800BB71EE /* profileSelected@2x.png */; };
		CB6DA4E219A32A4800BB71EE /* profileUnselected@2x.png in Resources */ = {isa = PBXBuildFile; fileRef = CB6DA4E019A32A4800BB71EE /* profileUnselected@2x.png */; };
		CB6DA4E419A32AE800BB71EE /* settingsIcon@2x.png in Resources */ = {isa = PBXBuildFile; fileRef = CB6DA4E319A32AE800BB71EE /* settingsIcon@2x.png */; };
		CB6DA4E819A478CC00BB71EE /* TAGProfileHeader.m in Sources */ = {isa = PBXBuildFile; fileRef = CB6DA4E719A478CC00BB71EE /* TAGProfileHeader.m */; };
		CB6DA4EB19A47AAD00BB71EE /* TAGCollectionControls.m in Sources */ = {isa = PBXBuildFile; fileRef = CB6DA4EA19A47AAD00BB71EE /* TAGCollectionControls.m */; };
		CBD194FB19A5C0C600C6B449 /* heartSelected@2x.png in Resources */ = {isa = PBXBuildFile; fileRef = CBD194F519A5C0C600C6B449 /* heartSelected@2x.png */; };
		CBD194FC19A5C0C600C6B449 /* heartUnselected@2x.png in Resources */ = {isa = PBXBuildFile; fileRef = CBD194F619A5C0C600C6B449 /* heartUnselected@2x.png */; };
		CBD194FD19A5C0C600C6B449 /* lightbulbSelected@2x.png in Resources */ = {isa = PBXBuildFile; fileRef = CBD194F719A5C0C600C6B449 /* lightbulbSelected@2x.png */; };
		CBD1950119A5C15100C6B449 /* gridSelected@2x.png in Resources */ = {isa = PBXBuildFile; fileRef = CBD194FF19A5C15100C6B449 /* gridSelected@2x.png */; };
		CBD1950219A5C15100C6B449 /* gridUnselected@2x.png in Resources */ = {isa = PBXBuildFile; fileRef = CBD1950019A5C15100C6B449 /* gridUnselected@2x.png */; };
		CBD1950519A5C15E00C6B449 /* listSelected@2x.png in Resources */ = {isa = PBXBuildFile; fileRef = CBD1950319A5C15E00C6B449 /* listSelected@2x.png */; };
		CBD1950619A5C15E00C6B449 /* listUnselected@2x.png in Resources */ = {isa = PBXBuildFile; fileRef = CBD1950419A5C15E00C6B449 /* listUnselected@2x.png */; };
		CBD1950819A5C1C700C6B449 /* lightbulbUnselected@2x.png in Resources */ = {isa = PBXBuildFile; fileRef = CBD1950719A5C1C700C6B449 /* lightbulbUnselected@2x.png */; };
		CBD4DCE919A47D370024209D /* TAGCollectionPresenterViewController.m in Sources */ = {isa = PBXBuildFile; fileRef = CBD4DCE819A47D370024209D /* TAGCollectionPresenterViewController.m */; };
		CBD4DCEC19A482620024209D /* TAGCollectionView.m in Sources */ = {isa = PBXBuildFile; fileRef = CBD4DCEB19A482620024209D /* TAGCollectionView.m */; };
		CBDA9A121996C4D800E8AD31 /* TAGSuggestionViewController.m in Sources */ = {isa = PBXBuildFile; fileRef = CBDA9A111996C4D700E8AD31 /* TAGSuggestionViewController.m */; };
		CBDA9A191996C9C300E8AD31 /* TAGCameraOverlay.m in Sources */ = {isa = PBXBuildFile; fileRef = CBDA9A181996C9C300E8AD31 /* TAGCameraOverlay.m */; };
		CBDA9A1C1996CCCA00E8AD31 /* cameraSelected@2x.png in Resources */ = {isa = PBXBuildFile; fileRef = CBDA9A1A1996CCCA00E8AD31 /* cameraSelected@2x.png */; };
		CBDA9A1D1996CCCA00E8AD31 /* cameraUnselected@2x.png in Resources */ = {isa = PBXBuildFile; fileRef = CBDA9A1B1996CCCA00E8AD31 /* cameraUnselected@2x.png */; };
		CBDA9A1F1996DE7300E8AD31 /* art_logo@2x.png in Resources */ = {isa = PBXBuildFile; fileRef = CBDA9A1E1996DE7300E8AD31 /* art_logo@2x.png */; };
		CBDA9A231996DFEA00E8AD31 /* art_subheader@2x.png in Resources */ = {isa = PBXBuildFile; fileRef = CBDA9A221996DFEA00E8AD31 /* art_subheader@2x.png */; };
		CBDA9A251996E15000E8AD31 /* art_navBarLogo@2x.png in Resources */ = {isa = PBXBuildFile; fileRef = CBDA9A241996E15000E8AD31 /* art_navBarLogo@2x.png */; };
		CBDA9A2B19970DCD00E8AD31 /* cancel@2x.png in Resources */ = {isa = PBXBuildFile; fileRef = CBDA9A2A19970DCD00E8AD31 /* cancel@2x.png */; };
		CBDA9A2D1997136B00E8AD31 /* camera_nav@2x.png in Resources */ = {isa = PBXBuildFile; fileRef = CBDA9A2C1997136B00E8AD31 /* camera_nav@2x.png */; };
		CBDA9A301997158500E8AD31 /* TAGImagePickerController.m in Sources */ = {isa = PBXBuildFile; fileRef = CBDA9A2F1997158500E8AD31 /* TAGImagePickerController.m */; };
		CBDA9A3619982CA200E8AD31 /* TAGMapViewController.m in Sources */ = {isa = PBXBuildFile; fileRef = CBDA9A3519982CA200E8AD31 /* TAGMapViewController.m */; };
		CBDA9A3C19982FA600E8AD31 /* TAGMapView.m in Sources */ = {isa = PBXBuildFile; fileRef = CBDA9A3B19982FA600E8AD31 /* TAGMapView.m */; };
		CBDA9A3F1998437B00E8AD31 /* TAGMapAnnotation.m in Sources */ = {isa = PBXBuildFile; fileRef = CBDA9A3E1998437B00E8AD31 /* TAGMapAnnotation.m */; };
		CBDA9A4319985A6B00E8AD31 /* map_icon@2x.png in Resources */ = {isa = PBXBuildFile; fileRef = CBDA9A4219985A6B00E8AD31 /* map_icon@2x.png */; };
		CBDA9A4C199B202400E8AD31 /* TAGSuggestionStore.m in Sources */ = {isa = PBXBuildFile; fileRef = CBDA9A4B199B202400E8AD31 /* TAGSuggestionStore.m */; };
		CBDA9A50199B203D00E8AD31 /* TAGSuggestion.m in Sources */ = {isa = PBXBuildFile; fileRef = CBDA9A4F199B203D00E8AD31 /* TAGSuggestion.m */; };
		CBDA9A53199B2F6700E8AD31 /* AWSRuntime.framework in Frameworks */ = {isa = PBXBuildFile; fileRef = CBDA9A51199B2F6700E8AD31 /* AWSRuntime.framework */; };
		CBDA9A54199B2F6700E8AD31 /* AWSS3.framework in Frameworks */ = {isa = PBXBuildFile; fileRef = CBDA9A52199B2F6700E8AD31 /* AWSS3.framework */; };
		D07B4ED854414D49BBA5AC7F /* libPods.a in Frameworks */ = {isa = PBXBuildFile; fileRef = 8F209F9462484A069D763253 /* libPods.a */; };
/* End PBXBuildFile section */

/* Begin PBXContainerItemProxy section */
		CB2673B3198DE3FA00CB02A1 /* PBXContainerItemProxy */ = {
			isa = PBXContainerItemProxy;
			containerPortal = CB26738B198DE3FA00CB02A1 /* Project object */;
			proxyType = 1;
			remoteGlobalIDString = CB267392198DE3FA00CB02A1;
			remoteInfo = Tagit;
		};
/* End PBXContainerItemProxy section */

/* Begin PBXFileReference section */
		8F209F9462484A069D763253 /* libPods.a */ = {isa = PBXFileReference; explicitFileType = archive.ar; includeInIndex = 0; path = libPods.a; sourceTree = BUILT_PRODUCTS_DIR; };
		9F0B104C482945B0BBD57DDD /* Pods.xcconfig */ = {isa = PBXFileReference; includeInIndex = 1; lastKnownFileType = text.xcconfig; name = Pods.xcconfig; path = Pods/Pods.xcconfig; sourceTree = "<group>"; };
		CB009B5C19A9A24200FC06A0 /* TAGViewHelpers.h */ = {isa = PBXFileReference; fileEncoding = 4; lastKnownFileType = sourcecode.c.h; path = TAGViewHelpers.h; sourceTree = "<group>"; };
		CB009B5D19A9A24200FC06A0 /* TAGViewHelpers.m */ = {isa = PBXFileReference; fileEncoding = 4; lastKnownFileType = sourcecode.c.objc; path = TAGViewHelpers.m; sourceTree = "<group>"; };
		CB068136198E9ABE00B13E49 /* TAGSessionStore.h */ = {isa = PBXFileReference; fileEncoding = 4; lastKnownFileType = sourcecode.c.h; path = TAGSessionStore.h; sourceTree = "<group>"; };
		CB068137198E9ABE00B13E49 /* TAGSessionStore.m */ = {isa = PBXFileReference; fileEncoding = 4; lastKnownFileType = sourcecode.c.objc; path = TAGSessionStore.m; sourceTree = "<group>"; };
		CB06813C198E9EB000B13E49 /* TAGAuthStore.h */ = {isa = PBXFileReference; fileEncoding = 4; lastKnownFileType = sourcecode.c.h; path = TAGAuthStore.h; sourceTree = "<group>"; };
		CB06813D198E9EB000B13E49 /* TAGAuthStore.m */ = {isa = PBXFileReference; fileEncoding = 4; lastKnownFileType = sourcecode.c.objc; path = TAGAuthStore.m; sourceTree = "<group>"; };
		CB06813F198E9FD000B13E49 /* TAGRoutesConstants.h */ = {isa = PBXFileReference; lastKnownFileType = sourcecode.c.h; path = TAGRoutesConstants.h; sourceTree = "<group>"; };
		CB068141198EA9EF00B13E49 /* TAGTagsViewController.h */ = {isa = PBXFileReference; fileEncoding = 4; lastKnownFileType = sourcecode.c.h; path = TAGTagsViewController.h; sourceTree = "<group>"; };
		CB068142198EA9EF00B13E49 /* TAGTagsViewController.m */ = {isa = PBXFileReference; fileEncoding = 4; lastKnownFileType = sourcecode.c.objc; path = TAGTagsViewController.m; sourceTree = "<group>"; };
		CB068148198EC5F300B13E49 /* bulbSelected@2x.png */ = {isa = PBXFileReference; lastKnownFileType = image.png; path = "bulbSelected@2x.png"; sourceTree = "<group>"; };
		CB068149198EC5F300B13E49 /* bulbUnselected@2x.png */ = {isa = PBXFileReference; lastKnownFileType = image.png; path = "bulbUnselected@2x.png"; sourceTree = "<group>"; };
		CB06814C198EC64A00B13E49 /* tagSelected@2x.png */ = {isa = PBXFileReference; lastKnownFileType = image.png; path = "tagSelected@2x.png"; sourceTree = "<group>"; };
		CB06814D198EC64A00B13E49 /* tagUnselected@2x.png */ = {isa = PBXFileReference; lastKnownFileType = image.png; path = "tagUnselected@2x.png"; sourceTree = "<group>"; };
		CB068150198EC98600B13E49 /* filterIcon@2x.png */ = {isa = PBXFileReference; lastKnownFileType = image.png; path = "filterIcon@2x.png"; sourceTree = "<group>"; };
		CB068152198ECA4100B13E49 /* navBarLogo@2x.png */ = {isa = PBXFileReference; lastKnownFileType = image.png; path = "navBarLogo@2x.png"; sourceTree = "<group>"; };
		CB068157198ECCEB00B13E49 /* TAGErrorAlert.h */ = {isa = PBXFileReference; fileEncoding = 4; lastKnownFileType = sourcecode.c.h; path = TAGErrorAlert.h; sourceTree = "<group>"; };
		CB068158198ECCEB00B13E49 /* TAGErrorAlert.m */ = {isa = PBXFileReference; fileEncoding = 4; lastKnownFileType = sourcecode.c.objc; path = TAGErrorAlert.m; sourceTree = "<group>"; };
		CB06815A198ECED200B13E49 /* TAGTagStore.h */ = {isa = PBXFileReference; fileEncoding = 4; lastKnownFileType = sourcecode.c.h; path = TAGTagStore.h; sourceTree = "<group>"; };
		CB06815B198ECED200B13E49 /* TAGTagStore.m */ = {isa = PBXFileReference; fileEncoding = 4; lastKnownFileType = sourcecode.c.objc; path = TAGTagStore.m; sourceTree = "<group>"; };
		CB06815E198ED06300B13E49 /* TAGTag.h */ = {isa = PBXFileReference; fileEncoding = 4; lastKnownFileType = sourcecode.c.h; path = TAGTag.h; sourceTree = "<group>"; };
		CB06815F198ED06300B13E49 /* TAGTag.m */ = {isa = PBXFileReference; fileEncoding = 4; lastKnownFileType = sourcecode.c.objc; path = TAGTag.m; sourceTree = "<group>"; };
		CB068161198ED08400B13E49 /* TAGTagChannel.h */ = {isa = PBXFileReference; fileEncoding = 4; lastKnownFileType = sourcecode.c.h; path = TAGTagChannel.h; sourceTree = "<group>"; };
		CB068162198ED08400B13E49 /* TAGTagChannel.m */ = {isa = PBXFileReference; fileEncoding = 4; lastKnownFileType = sourcecode.c.objc; path = TAGTagChannel.m; sourceTree = "<group>"; };
		CB0681641991F6C200B13E49 /* TAGCopyConstants.h */ = {isa = PBXFileReference; lastKnownFileType = sourcecode.c.h; path = TAGCopyConstants.h; sourceTree = "<group>"; };
		CB0681651991F71500B13E49 /* TAGComponentConstants.h */ = {isa = PBXFileReference; lastKnownFileType = sourcecode.c.h; path = TAGComponentConstants.h; sourceTree = "<group>"; };
		CB0681671991FCF100B13E49 /* TAGTagTableViewCell.h */ = {isa = PBXFileReference; fileEncoding = 4; lastKnownFileType = sourcecode.c.h; path = TAGTagTableViewCell.h; sourceTree = "<group>"; };
		CB0681681991FCF100B13E49 /* TAGTagTableViewCell.m */ = {isa = PBXFileReference; fileEncoding = 4; lastKnownFileType = sourcecode.c.objc; path = TAGTagTableViewCell.m; sourceTree = "<group>"; };
		CB06816D1995D75C00B13E49 /* ape_do_good_printing_SF@2x.png */ = {isa = PBXFileReference; lastKnownFileType = image.png; path = "ape_do_good_printing_SF@2x.png"; sourceTree = "<group>"; };
		CB267393198DE3FA00CB02A1 /* Tagit.app */ = {isa = PBXFileReference; explicitFileType = wrapper.application; includeInIndex = 0; path = Tagit.app; sourceTree = BUILT_PRODUCTS_DIR; };
		CB267396198DE3FA00CB02A1 /* Foundation.framework */ = {isa = PBXFileReference; lastKnownFileType = wrapper.framework; name = Foundation.framework; path = System/Library/Frameworks/Foundation.framework; sourceTree = SDKROOT; };
		CB267398198DE3FA00CB02A1 /* CoreGraphics.framework */ = {isa = PBXFileReference; lastKnownFileType = wrapper.framework; name = CoreGraphics.framework; path = System/Library/Frameworks/CoreGraphics.framework; sourceTree = SDKROOT; };
		CB26739A198DE3FA00CB02A1 /* UIKit.framework */ = {isa = PBXFileReference; lastKnownFileType = wrapper.framework; name = UIKit.framework; path = System/Library/Frameworks/UIKit.framework; sourceTree = SDKROOT; };
		CB26739E198DE3FA00CB02A1 /* Tagit-Info.plist */ = {isa = PBXFileReference; lastKnownFileType = text.plist.xml; path = "Tagit-Info.plist"; sourceTree = "<group>"; };
		CB2673A0198DE3FA00CB02A1 /* en */ = {isa = PBXFileReference; lastKnownFileType = text.plist.strings; name = en; path = en.lproj/InfoPlist.strings; sourceTree = "<group>"; };
		CB2673A2198DE3FA00CB02A1 /* main.m */ = {isa = PBXFileReference; lastKnownFileType = sourcecode.c.objc; path = main.m; sourceTree = "<group>"; };
		CB2673A4198DE3FA00CB02A1 /* Tagit-Prefix.pch */ = {isa = PBXFileReference; lastKnownFileType = sourcecode.c.h; path = "Tagit-Prefix.pch"; sourceTree = "<group>"; };
		CB2673A5198DE3FA00CB02A1 /* TAGAppDelegate.h */ = {isa = PBXFileReference; lastKnownFileType = sourcecode.c.h; path = TAGAppDelegate.h; sourceTree = "<group>"; };
		CB2673A6198DE3FA00CB02A1 /* TAGAppDelegate.m */ = {isa = PBXFileReference; lastKnownFileType = sourcecode.c.objc; path = TAGAppDelegate.m; sourceTree = "<group>"; };
		CB2673A8198DE3FA00CB02A1 /* Images.xcassets */ = {isa = PBXFileReference; lastKnownFileType = folder.assetcatalog; path = Images.xcassets; sourceTree = "<group>"; };
		CB2673AE198DE3FA00CB02A1 /* TagitTests.xctest */ = {isa = PBXFileReference; explicitFileType = wrapper.cfbundle; includeInIndex = 0; path = TagitTests.xctest; sourceTree = BUILT_PRODUCTS_DIR; };
		CB2673AF198DE3FA00CB02A1 /* XCTest.framework */ = {isa = PBXFileReference; lastKnownFileType = wrapper.framework; name = XCTest.framework; path = Library/Frameworks/XCTest.framework; sourceTree = DEVELOPER_DIR; };
		CB2673B7198DE3FA00CB02A1 /* TagitTests-Info.plist */ = {isa = PBXFileReference; lastKnownFileType = text.plist.xml; path = "TagitTests-Info.plist"; sourceTree = "<group>"; };
		CB2673B9198DE3FA00CB02A1 /* en */ = {isa = PBXFileReference; lastKnownFileType = text.plist.strings; name = en; path = en.lproj/InfoPlist.strings; sourceTree = "<group>"; };
		CB2673BB198DE3FA00CB02A1 /* TagitTests.m */ = {isa = PBXFileReference; lastKnownFileType = sourcecode.c.objc; path = TagitTests.m; sourceTree = "<group>"; };
		CB2673C9198DEA3500CB02A1 /* TAGLoginViewController.h */ = {isa = PBXFileReference; fileEncoding = 4; lastKnownFileType = sourcecode.c.h; path = TAGLoginViewController.h; sourceTree = "<group>"; };
		CB2673CA198DEA3500CB02A1 /* TAGLoginViewController.m */ = {isa = PBXFileReference; fileEncoding = 4; lastKnownFileType = sourcecode.c.objc; path = TAGLoginViewController.m; sourceTree = "<group>"; };
		CB2673D0198DF06900CB02A1 /* TAGStyleConstants.h */ = {isa = PBXFileReference; lastKnownFileType = sourcecode.c.h; path = TAGStyleConstants.h; sourceTree = "<group>"; };
		CB615CF81995F4FB00624A8F /* profile_photo@2x.png */ = {isa = PBXFileReference; lastKnownFileType = image.png; path = "profile_photo@2x.png"; sourceTree = "<group>"; };
		CB6DA4DC19A3270900BB71EE /* TAGProfileViewController.h */ = {isa = PBXFileReference; fileEncoding = 4; lastKnownFileType = sourcecode.c.h; path = TAGProfileViewController.h; sourceTree = "<group>"; };
		CB6DA4DD19A3270900BB71EE /* TAGProfileViewController.m */ = {isa = PBXFileReference; fileEncoding = 4; lastKnownFileType = sourcecode.c.objc; path = TAGProfileViewController.m; sourceTree = "<group>"; };
		CB6DA4DF19A32A4800BB71EE /* profileSelected@2x.png */ = {isa = PBXFileReference; lastKnownFileType = image.png; name = "profileSelected@2x.png"; path = "../../../../../Dropbox/tagit/png/icons/profileSelected@2x.png"; sourceTree = "<group>"; };
		CB6DA4E019A32A4800BB71EE /* profileUnselected@2x.png */ = {isa = PBXFileReference; lastKnownFileType = image.png; name = "profileUnselected@2x.png"; path = "../../../../../Dropbox/tagit/png/icons/profileUnselected@2x.png"; sourceTree = "<group>"; };
		CB6DA4E319A32AE800BB71EE /* settingsIcon@2x.png */ = {isa = PBXFileReference; lastKnownFileType = image.png; name = "settingsIcon@2x.png"; path = "../../../../../Dropbox/tagit/png/icons/settingsIcon@2x.png"; sourceTree = "<group>"; };
		CB6DA4E619A478CC00BB71EE /* TAGProfileHeader.h */ = {isa = PBXFileReference; fileEncoding = 4; lastKnownFileType = sourcecode.c.h; path = TAGProfileHeader.h; sourceTree = "<group>"; };
		CB6DA4E719A478CC00BB71EE /* TAGProfileHeader.m */ = {isa = PBXFileReference; fileEncoding = 4; lastKnownFileType = sourcecode.c.objc; path = TAGProfileHeader.m; sourceTree = "<group>"; };
		CB6DA4E919A47AAD00BB71EE /* TAGCollectionControls.h */ = {isa = PBXFileReference; fileEncoding = 4; lastKnownFileType = sourcecode.c.h; path = TAGCollectionControls.h; sourceTree = "<group>"; };
		CB6DA4EA19A47AAD00BB71EE /* TAGCollectionControls.m */ = {isa = PBXFileReference; fileEncoding = 4; lastKnownFileType = sourcecode.c.objc; path = TAGCollectionControls.m; sourceTree = "<group>"; };
		CBD194F519A5C0C600C6B449 /* heartSelected@2x.png */ = {isa = PBXFileReference; lastKnownFileType = image.png; name = "heartSelected@2x.png"; path = "../../../../../Dropbox/tagit/png/icons/heartSelected@2x.png"; sourceTree = "<group>"; };
		CBD194F619A5C0C600C6B449 /* heartUnselected@2x.png */ = {isa = PBXFileReference; lastKnownFileType = image.png; name = "heartUnselected@2x.png"; path = "../../../../../Dropbox/tagit/png/icons/heartUnselected@2x.png"; sourceTree = "<group>"; };
		CBD194F719A5C0C600C6B449 /* lightbulbSelected@2x.png */ = {isa = PBXFileReference; lastKnownFileType = image.png; name = "lightbulbSelected@2x.png"; path = "../../../../../Dropbox/tagit/png/icons/lightbulbSelected@2x.png"; sourceTree = "<group>"; };
		CBD194FF19A5C15100C6B449 /* gridSelected@2x.png */ = {isa = PBXFileReference; lastKnownFileType = image.png; name = "gridSelected@2x.png"; path = "../../../../../Dropbox/tagit/png/icons/gridSelected@2x.png"; sourceTree = "<group>"; };
		CBD1950019A5C15100C6B449 /* gridUnselected@2x.png */ = {isa = PBXFileReference; lastKnownFileType = image.png; name = "gridUnselected@2x.png"; path = "../../../../../Dropbox/tagit/png/icons/gridUnselected@2x.png"; sourceTree = "<group>"; };
		CBD1950319A5C15E00C6B449 /* listSelected@2x.png */ = {isa = PBXFileReference; lastKnownFileType = image.png; name = "listSelected@2x.png"; path = "../../../../../Dropbox/tagit/png/icons/listSelected@2x.png"; sourceTree = "<group>"; };
		CBD1950419A5C15E00C6B449 /* listUnselected@2x.png */ = {isa = PBXFileReference; lastKnownFileType = image.png; name = "listUnselected@2x.png"; path = "../../../../../Dropbox/tagit/png/icons/listUnselected@2x.png"; sourceTree = "<group>"; };
		CBD1950719A5C1C700C6B449 /* lightbulbUnselected@2x.png */ = {isa = PBXFileReference; lastKnownFileType = image.png; name = "lightbulbUnselected@2x.png"; path = "../../../../../Dropbox/tagit/png/icons/lightbulbUnselected@2x.png"; sourceTree = "<group>"; };
		CBD4DCE719A47D370024209D /* TAGCollectionPresenterViewController.h */ = {isa = PBXFileReference; fileEncoding = 4; lastKnownFileType = sourcecode.c.h; path = TAGCollectionPresenterViewController.h; sourceTree = "<group>"; };
		CBD4DCE819A47D370024209D /* TAGCollectionPresenterViewController.m */ = {isa = PBXFileReference; fileEncoding = 4; lastKnownFileType = sourcecode.c.objc; path = TAGCollectionPresenterViewController.m; sourceTree = "<group>"; };
		CBD4DCEA19A482620024209D /* TAGCollectionView.h */ = {isa = PBXFileReference; fileEncoding = 4; lastKnownFileType = sourcecode.c.h; path = TAGCollectionView.h; sourceTree = "<group>"; };
		CBD4DCEB19A482620024209D /* TAGCollectionView.m */ = {isa = PBXFileReference; fileEncoding = 4; lastKnownFileType = sourcecode.c.objc; path = TAGCollectionView.m; sourceTree = "<group>"; };
		CBDA9A101996C4D700E8AD31 /* TAGSuggestionViewController.h */ = {isa = PBXFileReference; fileEncoding = 4; lastKnownFileType = sourcecode.c.h; path = TAGSuggestionViewController.h; sourceTree = "<group>"; };
		CBDA9A111996C4D700E8AD31 /* TAGSuggestionViewController.m */ = {isa = PBXFileReference; fileEncoding = 4; lastKnownFileType = sourcecode.c.objc; path = TAGSuggestionViewController.m; sourceTree = "<group>"; };
		CBDA9A171996C9C300E8AD31 /* TAGCameraOverlay.h */ = {isa = PBXFileReference; fileEncoding = 4; lastKnownFileType = sourcecode.c.h; path = TAGCameraOverlay.h; sourceTree = "<group>"; };
		CBDA9A181996C9C300E8AD31 /* TAGCameraOverlay.m */ = {isa = PBXFileReference; fileEncoding = 4; lastKnownFileType = sourcecode.c.objc; path = TAGCameraOverlay.m; sourceTree = "<group>"; };
		CBDA9A1A1996CCCA00E8AD31 /* cameraSelected@2x.png */ = {isa = PBXFileReference; lastKnownFileType = image.png; path = "cameraSelected@2x.png"; sourceTree = "<group>"; };
		CBDA9A1B1996CCCA00E8AD31 /* cameraUnselected@2x.png */ = {isa = PBXFileReference; lastKnownFileType = image.png; path = "cameraUnselected@2x.png"; sourceTree = "<group>"; };
		CBDA9A1E1996DE7300E8AD31 /* art_logo@2x.png */ = {isa = PBXFileReference; lastKnownFileType = image.png; path = "art_logo@2x.png"; sourceTree = "<group>"; };
		CBDA9A221996DFEA00E8AD31 /* art_subheader@2x.png */ = {isa = PBXFileReference; lastKnownFileType = image.png; path = "art_subheader@2x.png"; sourceTree = "<group>"; };
		CBDA9A241996E15000E8AD31 /* art_navBarLogo@2x.png */ = {isa = PBXFileReference; lastKnownFileType = image.png; path = "art_navBarLogo@2x.png"; sourceTree = "<group>"; };
		CBDA9A2A19970DCD00E8AD31 /* cancel@2x.png */ = {isa = PBXFileReference; lastKnownFileType = image.png; path = "cancel@2x.png"; sourceTree = "<group>"; };
		CBDA9A2C1997136B00E8AD31 /* camera_nav@2x.png */ = {isa = PBXFileReference; lastKnownFileType = image.png; path = "camera_nav@2x.png"; sourceTree = "<group>"; };
		CBDA9A2E1997158500E8AD31 /* TAGImagePickerController.h */ = {isa = PBXFileReference; fileEncoding = 4; lastKnownFileType = sourcecode.c.h; path = TAGImagePickerController.h; sourceTree = "<group>"; };
		CBDA9A2F1997158500E8AD31 /* TAGImagePickerController.m */ = {isa = PBXFileReference; fileEncoding = 4; lastKnownFileType = sourcecode.c.objc; path = TAGImagePickerController.m; sourceTree = "<group>"; };
		CBDA9A3419982CA200E8AD31 /* TAGMapViewController.h */ = {isa = PBXFileReference; fileEncoding = 4; lastKnownFileType = sourcecode.c.h; path = TAGMapViewController.h; sourceTree = "<group>"; };
		CBDA9A3519982CA200E8AD31 /* TAGMapViewController.m */ = {isa = PBXFileReference; fileEncoding = 4; lastKnownFileType = sourcecode.c.objc; path = TAGMapViewController.m; sourceTree = "<group>"; };
		CBDA9A3A19982FA600E8AD31 /* TAGMapView.h */ = {isa = PBXFileReference; fileEncoding = 4; lastKnownFileType = sourcecode.c.h; path = TAGMapView.h; sourceTree = "<group>"; };
		CBDA9A3B19982FA600E8AD31 /* TAGMapView.m */ = {isa = PBXFileReference; fileEncoding = 4; lastKnownFileType = sourcecode.c.objc; path = TAGMapView.m; sourceTree = "<group>"; };
		CBDA9A3D1998437B00E8AD31 /* TAGMapAnnotation.h */ = {isa = PBXFileReference; fileEncoding = 4; lastKnownFileType = sourcecode.c.h; path = TAGMapAnnotation.h; sourceTree = "<group>"; };
		CBDA9A3E1998437B00E8AD31 /* TAGMapAnnotation.m */ = {isa = PBXFileReference; fileEncoding = 4; lastKnownFileType = sourcecode.c.objc; path = TAGMapAnnotation.m; sourceTree = "<group>"; };
		CBDA9A4219985A6B00E8AD31 /* map_icon@2x.png */ = {isa = PBXFileReference; lastKnownFileType = image.png; path = "map_icon@2x.png"; sourceTree = "<group>"; };
		CBDA9A4A199B202400E8AD31 /* TAGSuggestionStore.h */ = {isa = PBXFileReference; fileEncoding = 4; lastKnownFileType = sourcecode.c.h; path = TAGSuggestionStore.h; sourceTree = "<group>"; };
		CBDA9A4B199B202400E8AD31 /* TAGSuggestionStore.m */ = {isa = PBXFileReference; fileEncoding = 4; lastKnownFileType = sourcecode.c.objc; path = TAGSuggestionStore.m; sourceTree = "<group>"; };
		CBDA9A4E199B203D00E8AD31 /* TAGSuggestion.h */ = {isa = PBXFileReference; fileEncoding = 4; lastKnownFileType = sourcecode.c.h; path = TAGSuggestion.h; sourceTree = "<group>"; };
		CBDA9A4F199B203D00E8AD31 /* TAGSuggestion.m */ = {isa = PBXFileReference; fileEncoding = 4; lastKnownFileType = sourcecode.c.objc; path = TAGSuggestion.m; sourceTree = "<group>"; };
		CBDA9A51199B2F6700E8AD31 /* AWSRuntime.framework */ = {isa = PBXFileReference; lastKnownFileType = wrapper.framework; name = AWSRuntime.framework; path = "../../../../Downloads/Amazon/aws-ios-sdk-1.7.1/AWSRuntime.framework"; sourceTree = "<group>"; };
		CBDA9A52199B2F6700E8AD31 /* AWSS3.framework */ = {isa = PBXFileReference; lastKnownFileType = wrapper.framework; name = AWSS3.framework; path = "../../../../Downloads/Amazon/aws-ios-sdk-1.7.1/AWSS3.framework"; sourceTree = "<group>"; };
		CBDA9A55199B308300E8AD31 /* TAGAppConstants.h */ = {isa = PBXFileReference; lastKnownFileType = sourcecode.c.h; path = TAGAppConstants.h; sourceTree = "<group>"; };
/* End PBXFileReference section */

/* Begin PBXFrameworksBuildPhase section */
		CB267390198DE3FA00CB02A1 /* Frameworks */ = {
			isa = PBXFrameworksBuildPhase;
			buildActionMask = 2147483647;
			files = (
				CBDA9A53199B2F6700E8AD31 /* AWSRuntime.framework in Frameworks */,
				CBDA9A54199B2F6700E8AD31 /* AWSS3.framework in Frameworks */,
				CB267399198DE3FA00CB02A1 /* CoreGraphics.framework in Frameworks */,
				CB26739B198DE3FA00CB02A1 /* UIKit.framework in Frameworks */,
				CB267397198DE3FA00CB02A1 /* Foundation.framework in Frameworks */,
				D07B4ED854414D49BBA5AC7F /* libPods.a in Frameworks */,
			);
			runOnlyForDeploymentPostprocessing = 0;
		};
		CB2673AB198DE3FA00CB02A1 /* Frameworks */ = {
			isa = PBXFrameworksBuildPhase;
			buildActionMask = 2147483647;
			files = (
				CB2673B0198DE3FA00CB02A1 /* XCTest.framework in Frameworks */,
				CB2673B2198DE3FA00CB02A1 /* UIKit.framework in Frameworks */,
				CB2673B1198DE3FA00CB02A1 /* Foundation.framework in Frameworks */,
			);
			runOnlyForDeploymentPostprocessing = 0;
		};
/* End PBXFrameworksBuildPhase section */

/* Begin PBXGroup section */
		CB009B5B19A9A1F300FC06A0 /* Helpers */ = {
			isa = PBXGroup;
			children = (
				CB009B5C19A9A24200FC06A0 /* TAGViewHelpers.h */,
				CB009B5D19A9A24200FC06A0 /* TAGViewHelpers.m */,
			);
			name = Helpers;
			sourceTree = "<group>";
		};
		CB068134198E9A8F00B13E49 /* Data Layer */ = {
			isa = PBXGroup;
			children = (
				CB06815D198ED01A00B13E49 /* Models */,
				CB068135198E9A9600B13E49 /* Stores */,
			);
			name = "Data Layer";
			sourceTree = "<group>";
		};
		CB068135198E9A9600B13E49 /* Stores */ = {
			isa = PBXGroup;
			children = (
				CB068136198E9ABE00B13E49 /* TAGSessionStore.h */,
				CB068137198E9ABE00B13E49 /* TAGSessionStore.m */,
				CB06813C198E9EB000B13E49 /* TAGAuthStore.h */,
				CB06813D198E9EB000B13E49 /* TAGAuthStore.m */,
				CB06815A198ECED200B13E49 /* TAGTagStore.h */,
				CB06815B198ECED200B13E49 /* TAGTagStore.m */,
				CBDA9A4A199B202400E8AD31 /* TAGSuggestionStore.h */,
				CBDA9A4B199B202400E8AD31 /* TAGSuggestionStore.m */,
			);
			name = Stores;
			sourceTree = "<group>";
		};
		CB068140198EA9DB00B13E49 /* Tags */ = {
			isa = PBXGroup;
			children = (
				CB068141198EA9EF00B13E49 /* TAGTagsViewController.h */,
				CB068142198EA9EF00B13E49 /* TAGTagsViewController.m */,
			);
			name = Tags;
			sourceTree = "<group>";
		};
		CB06815D198ED01A00B13E49 /* Models */ = {
			isa = PBXGroup;
			children = (
				CB06815E198ED06300B13E49 /* TAGTag.h */,
				CB06815F198ED06300B13E49 /* TAGTag.m */,
				CB068161198ED08400B13E49 /* TAGTagChannel.h */,
				CB068162198ED08400B13E49 /* TAGTagChannel.m */,
				CBDA9A4E199B203D00E8AD31 /* TAGSuggestion.h */,
				CBDA9A4F199B203D00E8AD31 /* TAGSuggestion.m */,
			);
			name = Models;
			sourceTree = "<group>";
		};
		CB0681661991FCD000B13E49 /* Tags */ = {
			isa = PBXGroup;
			children = (
				CB0681671991FCF100B13E49 /* TAGTagTableViewCell.h */,
				CB0681681991FCF100B13E49 /* TAGTagTableViewCell.m */,
			);
			name = Tags;
			sourceTree = "<group>";
		};
		CB06816A1991FCF800B13E49 /* Common */ = {
			isa = PBXGroup;
			children = (
				CB068157198ECCEB00B13E49 /* TAGErrorAlert.h */,
				CB068158198ECCEB00B13E49 /* TAGErrorAlert.m */,
				CBDA9A3A19982FA600E8AD31 /* TAGMapView.h */,
				CBDA9A3B19982FA600E8AD31 /* TAGMapView.m */,
				CBDA9A3D1998437B00E8AD31 /* TAGMapAnnotation.h */,
				CBDA9A3E1998437B00E8AD31 /* TAGMapAnnotation.m */,
			);
			name = Common;
			sourceTree = "<group>";
		};
		CB26738A198DE3FA00CB02A1 = {
			isa = PBXGroup;
			children = (
				CB26739C198DE3FA00CB02A1 /* Tagit */,
				CB2673B5198DE3FA00CB02A1 /* TagitTests */,
				CB267395198DE3FA00CB02A1 /* Frameworks */,
				CB267394198DE3FA00CB02A1 /* Products */,
				9F0B104C482945B0BBD57DDD /* Pods.xcconfig */,
			);
			sourceTree = "<group>";
		};
		CB267394198DE3FA00CB02A1 /* Products */ = {
			isa = PBXGroup;
			children = (
				CB267393198DE3FA00CB02A1 /* Tagit.app */,
				CB2673AE198DE3FA00CB02A1 /* TagitTests.xctest */,
			);
			name = Products;
			sourceTree = "<group>";
		};
		CB267395198DE3FA00CB02A1 /* Frameworks */ = {
			isa = PBXGroup;
			children = (
				CBDA9A51199B2F6700E8AD31 /* AWSRuntime.framework */,
				CBDA9A52199B2F6700E8AD31 /* AWSS3.framework */,
				CB267396198DE3FA00CB02A1 /* Foundation.framework */,
				CB267398198DE3FA00CB02A1 /* CoreGraphics.framework */,
				CB26739A198DE3FA00CB02A1 /* UIKit.framework */,
				CB2673AF198DE3FA00CB02A1 /* XCTest.framework */,
				8F209F9462484A069D763253 /* libPods.a */,
			);
			name = Frameworks;
			sourceTree = "<group>";
		};
		CB26739C198DE3FA00CB02A1 /* Tagit */ = {
			isa = PBXGroup;
			children = (
				CB068134198E9A8F00B13E49 /* Data Layer */,
				CB2673CF198DF03E00CB02A1 /* Constants */,
				CB2673CC198DEEA300CB02A1 /* Assets */,
				CB2673C5198DE9E100CB02A1 /* Presentation Layer */,
				CB2673A5198DE3FA00CB02A1 /* TAGAppDelegate.h */,
				CB2673A6198DE3FA00CB02A1 /* TAGAppDelegate.m */,
				CB2673A8198DE3FA00CB02A1 /* Images.xcassets */,
				CB26739D198DE3FA00CB02A1 /* Supporting Files */,
			);
			path = Tagit;
			sourceTree = "<group>";
		};
		CB26739D198DE3FA00CB02A1 /* Supporting Files */ = {
			isa = PBXGroup;
			children = (
				CB26739E198DE3FA00CB02A1 /* Tagit-Info.plist */,
				CB26739F198DE3FA00CB02A1 /* InfoPlist.strings */,
				CB2673A2198DE3FA00CB02A1 /* main.m */,
				CB2673A4198DE3FA00CB02A1 /* Tagit-Prefix.pch */,
			);
			name = "Supporting Files";
			sourceTree = "<group>";
		};
		CB2673B5198DE3FA00CB02A1 /* TagitTests */ = {
			isa = PBXGroup;
			children = (
				CB2673BB198DE3FA00CB02A1 /* TagitTests.m */,
				CB2673B6198DE3FA00CB02A1 /* Supporting Files */,
			);
			path = TagitTests;
			sourceTree = "<group>";
		};
		CB2673B6198DE3FA00CB02A1 /* Supporting Files */ = {
			isa = PBXGroup;
			children = (
				CB2673B7198DE3FA00CB02A1 /* TagitTests-Info.plist */,
				CB2673B8198DE3FA00CB02A1 /* InfoPlist.strings */,
			);
			name = "Supporting Files";
			sourceTree = "<group>";
		};
		CB2673C5198DE9E100CB02A1 /* Presentation Layer */ = {
			isa = PBXGroup;
			children = (
				CB009B5B19A9A1F300FC06A0 /* Helpers */,
				CB2673C7198DE9FC00CB02A1 /* Components */,
				CB2673C6198DE9F200CB02A1 /* View Controllers */,
			);
			name = "Presentation Layer";
			sourceTree = "<group>";
		};
		CB2673C6198DE9F200CB02A1 /* View Controllers */ = {
			isa = PBXGroup;
			children = (
				CB6DA4DB19A326D700BB71EE /* Profile */,
				CBDA9A261997081500E8AD31 /* Common */,
				CBDA9A0F1996C30A00E8AD31 /* Suggestion */,
				CB068140198EA9DB00B13E49 /* Tags */,
				CB2673C8198DEA0900CB02A1 /* Login */,
			);
			name = "View Controllers";
			sourceTree = "<group>";
		};
		CB2673C7198DE9FC00CB02A1 /* Components */ = {
			isa = PBXGroup;
			children = (
				CB6DA4E519A478BA00BB71EE /* Profile */,
				CBDA9A161996C99500E8AD31 /* Suggestion */,
				CB06816A1991FCF800B13E49 /* Common */,
				CB0681661991FCD000B13E49 /* Tags */,
			);
			name = Components;
			sourceTree = "<group>";
		};
		CB2673C8198DEA0900CB02A1 /* Login */ = {
			isa = PBXGroup;
			children = (
				CB2673C9198DEA3500CB02A1 /* TAGLoginViewController.h */,
				CB2673CA198DEA3500CB02A1 /* TAGLoginViewController.m */,
			);
			name = Login;
			sourceTree = "<group>";
		};
		CB2673CC198DEEA300CB02A1 /* Assets */ = {
			isa = PBXGroup;
			children = (
				CBD194F119A5C08200C6B449 /* Components */,
				CB6DA4E319A32AE800BB71EE /* settingsIcon@2x.png */,
				CB6DA4DF19A32A4800BB71EE /* profileSelected@2x.png */,
				CB6DA4E019A32A4800BB71EE /* profileUnselected@2x.png */,
				CBDA9A4219985A6B00E8AD31 /* map_icon@2x.png */,
				CBDA9A2C1997136B00E8AD31 /* camera_nav@2x.png */,
				CBDA9A2A19970DCD00E8AD31 /* cancel@2x.png */,
				CBDA9A241996E15000E8AD31 /* art_navBarLogo@2x.png */,
				CBDA9A221996DFEA00E8AD31 /* art_subheader@2x.png */,
				CBDA9A1A1996CCCA00E8AD31 /* cameraSelected@2x.png */,
				CBDA9A1B1996CCCA00E8AD31 /* cameraUnselected@2x.png */,
				CB615CF81995F4FB00624A8F /* profile_photo@2x.png */,
				CB06816D1995D75C00B13E49 /* ape_do_good_printing_SF@2x.png */,
				CB068152198ECA4100B13E49 /* navBarLogo@2x.png */,
				CB068150198EC98600B13E49 /* filterIcon@2x.png */,
				CB06814C198EC64A00B13E49 /* tagSelected@2x.png */,
				CB06814D198EC64A00B13E49 /* tagUnselected@2x.png */,
				CB068148198EC5F300B13E49 /* bulbSelected@2x.png */,
				CB068149198EC5F300B13E49 /* bulbUnselected@2x.png */,
				CBDA9A1E1996DE7300E8AD31 /* art_logo@2x.png */,
			);
			name = Assets;
			sourceTree = "<group>";
		};
		CB2673CF198DF03E00CB02A1 /* Constants */ = {
			isa = PBXGroup;
			children = (
				CB2673D0198DF06900CB02A1 /* TAGStyleConstants.h */,
				CB06813F198E9FD000B13E49 /* TAGRoutesConstants.h */,
				CB0681641991F6C200B13E49 /* TAGCopyConstants.h */,
				CB0681651991F71500B13E49 /* TAGComponentConstants.h */,
				CBDA9A55199B308300E8AD31 /* TAGAppConstants.h */,
			);
			name = Constants;
			sourceTree = "<group>";
		};
		CB6DA4DB19A326D700BB71EE /* Profile */ = {
			isa = PBXGroup;
			children = (
				CB6DA4DC19A3270900BB71EE /* TAGProfileViewController.h */,
				CB6DA4DD19A3270900BB71EE /* TAGProfileViewController.m */,
			);
			name = Profile;
			sourceTree = "<group>";
		};
		CB6DA4E519A478BA00BB71EE /* Profile */ = {
			isa = PBXGroup;
			children = (
				CB6DA4E619A478CC00BB71EE /* TAGProfileHeader.h */,
				CB6DA4E719A478CC00BB71EE /* TAGProfileHeader.m */,
				CB6DA4E919A47AAD00BB71EE /* TAGCollectionControls.h */,
				CB6DA4EA19A47AAD00BB71EE /* TAGCollectionControls.m */,
				CBD4DCEA19A482620024209D /* TAGCollectionView.h */,
				CBD4DCEB19A482620024209D /* TAGCollectionView.m */,
			);
			name = Profile;
			sourceTree = "<group>";
		};
		CBD194F119A5C08200C6B449 /* Components */ = {
			isa = PBXGroup;
			children = (
				CBD194F219A5C08F00C6B449 /* CollectionControls */,
			);
			name = Components;
			sourceTree = "<group>";
		};
		CBD194F219A5C08F00C6B449 /* CollectionControls */ = {
			isa = PBXGroup;
			children = (
				CBD1950719A5C1C700C6B449 /* lightbulbUnselected@2x.png */,
				CBD1950319A5C15E00C6B449 /* listSelected@2x.png */,
				CBD1950419A5C15E00C6B449 /* listUnselected@2x.png */,
				CBD194FF19A5C15100C6B449 /* gridSelected@2x.png */,
				CBD1950019A5C15100C6B449 /* gridUnselected@2x.png */,
				CBD194F519A5C0C600C6B449 /* heartSelected@2x.png */,
				CBD194F619A5C0C600C6B449 /* heartUnselected@2x.png */,
				CBD194F719A5C0C600C6B449 /* lightbulbSelected@2x.png */,
			);
			name = CollectionControls;
			sourceTree = "<group>";
		};
		CBDA9A0F1996C30A00E8AD31 /* Suggestion */ = {
			isa = PBXGroup;
			children = (
				CBDA9A101996C4D700E8AD31 /* TAGSuggestionViewController.h */,
				CBDA9A111996C4D700E8AD31 /* TAGSuggestionViewController.m */,
				CBDA9A3419982CA200E8AD31 /* TAGMapViewController.h */,
				CBDA9A3519982CA200E8AD31 /* TAGMapViewController.m */,
			);
			name = Suggestion;
			sourceTree = "<group>";
		};
		CBDA9A161996C99500E8AD31 /* Suggestion */ = {
			isa = PBXGroup;
			children = (
				CBDA9A171996C9C300E8AD31 /* TAGCameraOverlay.h */,
				CBDA9A181996C9C300E8AD31 /* TAGCameraOverlay.m */,
			);
			name = Suggestion;
			sourceTree = "<group>";
		};
		CBDA9A261997081500E8AD31 /* Common */ = {
			isa = PBXGroup;
			children = (
				CBDA9A2E1997158500E8AD31 /* TAGImagePickerController.h */,
				CBDA9A2F1997158500E8AD31 /* TAGImagePickerController.m */,
				CBD4DCE719A47D370024209D /* TAGCollectionPresenterViewController.h */,
				CBD4DCE819A47D370024209D /* TAGCollectionPresenterViewController.m */,
			);
			name = Common;
			sourceTree = "<group>";
		};
/* End PBXGroup section */

/* Begin PBXNativeTarget section */
		CB267392198DE3FA00CB02A1 /* Tagit */ = {
			isa = PBXNativeTarget;
			buildConfigurationList = CB2673BF198DE3FA00CB02A1 /* Build configuration list for PBXNativeTarget "Tagit" */;
			buildPhases = (
				1989B278449C4F74A16A7FC5 /* Check Pods Manifest.lock */,
				CB26738F198DE3FA00CB02A1 /* Sources */,
				CB267390198DE3FA00CB02A1 /* Frameworks */,
				CB267391198DE3FA00CB02A1 /* Resources */,
				B5CD606BFFC44F4D8183B065 /* Copy Pods Resources */,
			);
			buildRules = (
			);
			dependencies = (
			);
			name = Tagit;
			productName = Tagit;
			productReference = CB267393198DE3FA00CB02A1 /* Tagit.app */;
			productType = "com.apple.product-type.application";
		};
		CB2673AD198DE3FA00CB02A1 /* TagitTests */ = {
			isa = PBXNativeTarget;
			buildConfigurationList = CB2673C2198DE3FA00CB02A1 /* Build configuration list for PBXNativeTarget "TagitTests" */;
			buildPhases = (
				CB2673AA198DE3FA00CB02A1 /* Sources */,
				CB2673AB198DE3FA00CB02A1 /* Frameworks */,
				CB2673AC198DE3FA00CB02A1 /* Resources */,
			);
			buildRules = (
			);
			dependencies = (
				CB2673B4198DE3FA00CB02A1 /* PBXTargetDependency */,
			);
			name = TagitTests;
			productName = TagitTests;
			productReference = CB2673AE198DE3FA00CB02A1 /* TagitTests.xctest */;
			productType = "com.apple.product-type.bundle.unit-test";
		};
/* End PBXNativeTarget section */

/* Begin PBXProject section */
		CB26738B198DE3FA00CB02A1 /* Project object */ = {
			isa = PBXProject;
			attributes = {
				CLASSPREFIX = TAG;
				LastUpgradeCheck = 0510;
				ORGANIZATIONNAME = "Shane Rogers";
				TargetAttributes = {
					CB2673AD198DE3FA00CB02A1 = {
						TestTargetID = CB267392198DE3FA00CB02A1;
					};
				};
			};
			buildConfigurationList = CB26738E198DE3FA00CB02A1 /* Build configuration list for PBXProject "Tagit" */;
			compatibilityVersion = "Xcode 3.2";
			developmentRegion = English;
			hasScannedForEncodings = 0;
			knownRegions = (
				en,
			);
			mainGroup = CB26738A198DE3FA00CB02A1;
			productRefGroup = CB267394198DE3FA00CB02A1 /* Products */;
			projectDirPath = "";
			projectRoot = "";
			targets = (
				CB267392198DE3FA00CB02A1 /* Tagit */,
				CB2673AD198DE3FA00CB02A1 /* TagitTests */,
			);
		};
/* End PBXProject section */

/* Begin PBXResourcesBuildPhase section */
		CB267391198DE3FA00CB02A1 /* Resources */ = {
			isa = PBXResourcesBuildPhase;
			buildActionMask = 2147483647;
			files = (
				CBDA9A2B19970DCD00E8AD31 /* cancel@2x.png in Resources */,
				CB2673A1198DE3FA00CB02A1 /* InfoPlist.strings in Resources */,
				CB6DA4E219A32A4800BB71EE /* profileUnselected@2x.png in Resources */,
				CBDA9A1D1996CCCA00E8AD31 /* cameraUnselected@2x.png in Resources */,
				CB068153198ECA4100B13E49 /* navBarLogo@2x.png in Resources */,
				CBDA9A4319985A6B00E8AD31 /* map_icon@2x.png in Resources */,
				CBD1950819A5C1C700C6B449 /* lightbulbUnselected@2x.png in Resources */,
				CB6DA4E419A32AE800BB71EE /* settingsIcon@2x.png in Resources */,
				CB068151198EC98600B13E49 /* filterIcon@2x.png in Resources */,
				CB06814F198EC64A00B13E49 /* tagUnselected@2x.png in Resources */,
				CBDA9A1F1996DE7300E8AD31 /* art_logo@2x.png in Resources */,
				CB06814E198EC64A00B13E49 /* tagSelected@2x.png in Resources */,
				CBD1950519A5C15E00C6B449 /* listSelected@2x.png in Resources */,
				CBDA9A251996E15000E8AD31 /* art_navBarLogo@2x.png in Resources */,
				CB2673A9198DE3FA00CB02A1 /* Images.xcassets in Resources */,
				CBD194FC19A5C0C600C6B449 /* heartUnselected@2x.png in Resources */,
				CBD194FD19A5C0C600C6B449 /* lightbulbSelected@2x.png in Resources */,
				CBD194FB19A5C0C600C6B449 /* heartSelected@2x.png in Resources */,
				CB615CF91995F4FB00624A8F /* profile_photo@2x.png in Resources */,
				CBDA9A2D1997136B00E8AD31 /* camera_nav@2x.png in Resources */,
				CBDA9A231996DFEA00E8AD31 /* art_subheader@2x.png in Resources */,
				CB06816E1995D75C00B13E49 /* ape_do_good_printing_SF@2x.png in Resources */,
				CBD1950219A5C15100C6B449 /* gridUnselected@2x.png in Resources */,
				CBD1950119A5C15100C6B449 /* gridSelected@2x.png in Resources */,
				CBD1950619A5C15E00C6B449 /* listUnselected@2x.png in Resources */,
				CB06814B198EC5F300B13E49 /* bulbUnselected@2x.png in Resources */,
				CBDA9A1C1996CCCA00E8AD31 /* cameraSelected@2x.png in Resources */,
				CB06814A198EC5F300B13E49 /* bulbSelected@2x.png in Resources */,
				CB6DA4E119A32A4800BB71EE /* profileSelected@2x.png in Resources */,
			);
			runOnlyForDeploymentPostprocessing = 0;
		};
		CB2673AC198DE3FA00CB02A1 /* Resources */ = {
			isa = PBXResourcesBuildPhase;
			buildActionMask = 2147483647;
			files = (
				CB2673BA198DE3FA00CB02A1 /* InfoPlist.strings in Resources */,
			);
			runOnlyForDeploymentPostprocessing = 0;
		};
/* End PBXResourcesBuildPhase section */

/* Begin PBXShellScriptBuildPhase section */
		1989B278449C4F74A16A7FC5 /* Check Pods Manifest.lock */ = {
			isa = PBXShellScriptBuildPhase;
			buildActionMask = 2147483647;
			files = (
			);
			inputPaths = (
			);
			name = "Check Pods Manifest.lock";
			outputPaths = (
			);
			runOnlyForDeploymentPostprocessing = 0;
			shellPath = /bin/sh;
			shellScript = "diff \"${PODS_ROOT}/../Podfile.lock\" \"${PODS_ROOT}/Manifest.lock\" > /dev/null\nif [[ $? != 0 ]] ; then\n    cat << EOM\nerror: The sandbox is not in sync with the Podfile.lock. Run 'pod install' or update your CocoaPods installation.\nEOM\n    exit 1\nfi\n";
			showEnvVarsInLog = 0;
		};
		B5CD606BFFC44F4D8183B065 /* Copy Pods Resources */ = {
			isa = PBXShellScriptBuildPhase;
			buildActionMask = 2147483647;
			files = (
			);
			inputPaths = (
			);
			name = "Copy Pods Resources";
			outputPaths = (
			);
			runOnlyForDeploymentPostprocessing = 0;
			shellPath = /bin/sh;
			shellScript = "\"${SRCROOT}/Pods/Pods-resources.sh\"\n";
			showEnvVarsInLog = 0;
		};
/* End PBXShellScriptBuildPhase section */

/* Begin PBXSourcesBuildPhase section */
		CB26738F198DE3FA00CB02A1 /* Sources */ = {
			isa = PBXSourcesBuildPhase;
			buildActionMask = 2147483647;
			files = (
				CB0681691991FCF100B13E49 /* TAGTagTableViewCell.m in Sources */,
				CB068159198ECCEB00B13E49 /* TAGErrorAlert.m in Sources */,
				CBDA9A3F1998437B00E8AD31 /* TAGMapAnnotation.m in Sources */,
				CBDA9A3C19982FA600E8AD31 /* TAGMapView.m in Sources */,
				CBDA9A4C199B202400E8AD31 /* TAGSuggestionStore.m in Sources */,
				CB6DA4DE19A3270900BB71EE /* TAGProfileViewController.m in Sources */,
				CB06813E198E9EB000B13E49 /* TAGAuthStore.m in Sources */,
				CBDA9A121996C4D800E8AD31 /* TAGSuggestionViewController.m in Sources */,
				CB2673A3198DE3FA00CB02A1 /* main.m in Sources */,
				CB068138198E9ABE00B13E49 /* TAGSessionStore.m in Sources */,
				CB2673A7198DE3FA00CB02A1 /* TAGAppDelegate.m in Sources */,
				CB2673CB198DEA3500CB02A1 /* TAGLoginViewController.m in Sources */,
				CBDA9A3619982CA200E8AD31 /* TAGMapViewController.m in Sources */,
				CB068160198ED06300B13E49 /* TAGTag.m in Sources */,
				CB06815C198ECED200B13E49 /* TAGTagStore.m in Sources */,
				CB068143198EA9EF00B13E49 /* TAGTagsViewController.m in Sources */,
				CB6DA4EB19A47AAD00BB71EE /* TAGCollectionControls.m in Sources */,
				CBD4DCEC19A482620024209D /* TAGCollectionView.m in Sources */,
				CB6DA4E819A478CC00BB71EE /* TAGProfileHeader.m in Sources */,
				CBDA9A50199B203D00E8AD31 /* TAGSuggestion.m in Sources */,
				CBD4DCE919A47D370024209D /* TAGCollectionPresenterViewController.m in Sources */,
				CBDA9A191996C9C300E8AD31 /* TAGCameraOverlay.m in Sources */,
				CB068163198ED08400B13E49 /* TAGTagChannel.m in Sources */,
				CB009B5E19A9A24200FC06A0 /* TAGViewHelpers.m in Sources */,
				CBDA9A301997158500E8AD31 /* TAGImagePickerController.m in Sources */,
			);
			runOnlyForDeploymentPostprocessing = 0;
		};
		CB2673AA198DE3FA00CB02A1 /* Sources */ = {
			isa = PBXSourcesBuildPhase;
			buildActionMask = 2147483647;
			files = (
				CB2673BC198DE3FA00CB02A1 /* TagitTests.m in Sources */,
			);
			runOnlyForDeploymentPostprocessing = 0;
		};
/* End PBXSourcesBuildPhase section */

/* Begin PBXTargetDependency section */
		CB2673B4198DE3FA00CB02A1 /* PBXTargetDependency */ = {
			isa = PBXTargetDependency;
			target = CB267392198DE3FA00CB02A1 /* Tagit */;
			targetProxy = CB2673B3198DE3FA00CB02A1 /* PBXContainerItemProxy */;
		};
/* End PBXTargetDependency section */

/* Begin PBXVariantGroup section */
		CB26739F198DE3FA00CB02A1 /* InfoPlist.strings */ = {
			isa = PBXVariantGroup;
			children = (
				CB2673A0198DE3FA00CB02A1 /* en */,
			);
			name = InfoPlist.strings;
			sourceTree = "<group>";
		};
		CB2673B8198DE3FA00CB02A1 /* InfoPlist.strings */ = {
			isa = PBXVariantGroup;
			children = (
				CB2673B9198DE3FA00CB02A1 /* en */,
			);
			name = InfoPlist.strings;
			sourceTree = "<group>";
		};
/* End PBXVariantGroup section */

/* Begin XCBuildConfiguration section */
		CB2673BD198DE3FA00CB02A1 /* Debug */ = {
			isa = XCBuildConfiguration;
			buildSettings = {
				ALWAYS_SEARCH_USER_PATHS = NO;
				CLANG_CXX_LANGUAGE_STANDARD = "gnu++0x";
				CLANG_CXX_LIBRARY = "libc++";
				CLANG_ENABLE_MODULES = YES;
				CLANG_ENABLE_OBJC_ARC = YES;
				CLANG_WARN_BOOL_CONVERSION = YES;
				CLANG_WARN_CONSTANT_CONVERSION = YES;
				CLANG_WARN_DIRECT_OBJC_ISA_USAGE = YES_ERROR;
				CLANG_WARN_EMPTY_BODY = YES;
				CLANG_WARN_ENUM_CONVERSION = YES;
				CLANG_WARN_INT_CONVERSION = YES;
				CLANG_WARN_OBJC_ROOT_CLASS = YES_ERROR;
				CLANG_WARN__DUPLICATE_METHOD_MATCH = YES;
				"CODE_SIGN_IDENTITY[sdk=iphoneos*]" = "iPhone Developer";
				COPY_PHASE_STRIP = NO;
				GCC_C_LANGUAGE_STANDARD = gnu99;
				GCC_DYNAMIC_NO_PIC = NO;
				GCC_OPTIMIZATION_LEVEL = 0;
				GCC_PREPROCESSOR_DEFINITIONS = (
					"DEBUG=1",
					"$(inherited)",
				);
				GCC_SYMBOLS_PRIVATE_EXTERN = NO;
				GCC_WARN_64_TO_32_BIT_CONVERSION = YES;
				GCC_WARN_ABOUT_RETURN_TYPE = YES_ERROR;
				GCC_WARN_UNDECLARED_SELECTOR = YES;
				GCC_WARN_UNINITIALIZED_AUTOS = YES_AGGRESSIVE;
				GCC_WARN_UNUSED_FUNCTION = YES;
				GCC_WARN_UNUSED_VARIABLE = YES;
				IPHONEOS_DEPLOYMENT_TARGET = 7.1;
				ONLY_ACTIVE_ARCH = YES;
				SDKROOT = iphoneos;
			};
			name = Debug;
		};
		CB2673BE198DE3FA00CB02A1 /* Release */ = {
			isa = XCBuildConfiguration;
			buildSettings = {
				ALWAYS_SEARCH_USER_PATHS = NO;
				CLANG_CXX_LANGUAGE_STANDARD = "gnu++0x";
				CLANG_CXX_LIBRARY = "libc++";
				CLANG_ENABLE_MODULES = YES;
				CLANG_ENABLE_OBJC_ARC = YES;
				CLANG_WARN_BOOL_CONVERSION = YES;
				CLANG_WARN_CONSTANT_CONVERSION = YES;
				CLANG_WARN_DIRECT_OBJC_ISA_USAGE = YES_ERROR;
				CLANG_WARN_EMPTY_BODY = YES;
				CLANG_WARN_ENUM_CONVERSION = YES;
				CLANG_WARN_INT_CONVERSION = YES;
				CLANG_WARN_OBJC_ROOT_CLASS = YES_ERROR;
				CLANG_WARN__DUPLICATE_METHOD_MATCH = YES;
				"CODE_SIGN_IDENTITY[sdk=iphoneos*]" = "iPhone Developer";
				COPY_PHASE_STRIP = YES;
				ENABLE_NS_ASSERTIONS = NO;
				GCC_C_LANGUAGE_STANDARD = gnu99;
				GCC_WARN_64_TO_32_BIT_CONVERSION = YES;
				GCC_WARN_ABOUT_RETURN_TYPE = YES_ERROR;
				GCC_WARN_UNDECLARED_SELECTOR = YES;
				GCC_WARN_UNINITIALIZED_AUTOS = YES_AGGRESSIVE;
				GCC_WARN_UNUSED_FUNCTION = YES;
				GCC_WARN_UNUSED_VARIABLE = YES;
				IPHONEOS_DEPLOYMENT_TARGET = 7.1;
				SDKROOT = iphoneos;
				VALIDATE_PRODUCT = YES;
			};
			name = Release;
		};
		CB2673C0198DE3FA00CB02A1 /* Debug */ = {
			isa = XCBuildConfiguration;
			baseConfigurationReference = 9F0B104C482945B0BBD57DDD /* Pods.xcconfig */;
			buildSettings = {
				ASSETCATALOG_COMPILER_APPICON_NAME = AppIcon;
				ASSETCATALOG_COMPILER_LAUNCHIMAGE_NAME = LaunchImage;
				FRAMEWORK_SEARCH_PATHS = (
					"$(inherited)",
					"/Users/shanerogers/Downloads/Amazon/aws-ios-sdk-1.7.1",
				);
				GCC_PRECOMPILE_PREFIX_HEADER = YES;
				GCC_PREFIX_HEADER = "Tagit/Tagit-Prefix.pch";
				INFOPLIST_FILE = "Tagit/Tagit-Info.plist";
				PRODUCT_NAME = "$(TARGET_NAME)";
				WRAPPER_EXTENSION = app;
			};
			name = Debug;
		};
		CB2673C1198DE3FA00CB02A1 /* Release */ = {
			isa = XCBuildConfiguration;
			baseConfigurationReference = 9F0B104C482945B0BBD57DDD /* Pods.xcconfig */;
			buildSettings = {
				ASSETCATALOG_COMPILER_APPICON_NAME = AppIcon;
				ASSETCATALOG_COMPILER_LAUNCHIMAGE_NAME = LaunchImage;
				FRAMEWORK_SEARCH_PATHS = (
					"$(inherited)",
					"/Users/shanerogers/Downloads/Amazon/aws-ios-sdk-1.7.1",
				);
				GCC_PRECOMPILE_PREFIX_HEADER = YES;
				GCC_PREFIX_HEADER = "Tagit/Tagit-Prefix.pch";
				INFOPLIST_FILE = "Tagit/Tagit-Info.plist";
				PRODUCT_NAME = "$(TARGET_NAME)";
				WRAPPER_EXTENSION = app;
			};
			name = Release;
		};
		CB2673C3198DE3FA00CB02A1 /* Debug */ = {
			isa = XCBuildConfiguration;
			buildSettings = {
				BUNDLE_LOADER = "$(BUILT_PRODUCTS_DIR)/Tagit.app/Tagit";
				FRAMEWORK_SEARCH_PATHS = (
					"$(SDKROOT)/Developer/Library/Frameworks",
					"$(inherited)",
					"$(DEVELOPER_FRAMEWORKS_DIR)",
				);
				GCC_PRECOMPILE_PREFIX_HEADER = YES;
				GCC_PREFIX_HEADER = "Tagit/Tagit-Prefix.pch";
				GCC_PREPROCESSOR_DEFINITIONS = (
					"DEBUG=1",
					"$(inherited)",
				);
				INFOPLIST_FILE = "TagitTests/TagitTests-Info.plist";
				PRODUCT_NAME = "$(TARGET_NAME)";
				TEST_HOST = "$(BUNDLE_LOADER)";
				WRAPPER_EXTENSION = xctest;
			};
			name = Debug;
		};
		CB2673C4198DE3FA00CB02A1 /* Release */ = {
			isa = XCBuildConfiguration;
			buildSettings = {
				BUNDLE_LOADER = "$(BUILT_PRODUCTS_DIR)/Tagit.app/Tagit";
				FRAMEWORK_SEARCH_PATHS = (
					"$(SDKROOT)/Developer/Library/Frameworks",
					"$(inherited)",
					"$(DEVELOPER_FRAMEWORKS_DIR)",
				);
				GCC_PRECOMPILE_PREFIX_HEADER = YES;
				GCC_PREFIX_HEADER = "Tagit/Tagit-Prefix.pch";
				INFOPLIST_FILE = "TagitTests/TagitTests-Info.plist";
				PRODUCT_NAME = "$(TARGET_NAME)";
				TEST_HOST = "$(BUNDLE_LOADER)";
				WRAPPER_EXTENSION = xctest;
			};
			name = Release;
		};
/* End XCBuildConfiguration section */

/* Begin XCConfigurationList section */
		CB26738E198DE3FA00CB02A1 /* Build configuration list for PBXProject "Tagit" */ = {
			isa = XCConfigurationList;
			buildConfigurations = (
				CB2673BD198DE3FA00CB02A1 /* Debug */,
				CB2673BE198DE3FA00CB02A1 /* Release */,
			);
			defaultConfigurationIsVisible = 0;
			defaultConfigurationName = Release;
		};
		CB2673BF198DE3FA00CB02A1 /* Build configuration list for PBXNativeTarget "Tagit" */ = {
			isa = XCConfigurationList;
			buildConfigurations = (
				CB2673C0198DE3FA00CB02A1 /* Debug */,
				CB2673C1198DE3FA00CB02A1 /* Release */,
			);
			defaultConfigurationIsVisible = 0;
			defaultConfigurationName = Release;
		};
		CB2673C2198DE3FA00CB02A1 /* Build configuration list for PBXNativeTarget "TagitTests" */ = {
			isa = XCConfigurationList;
			buildConfigurations = (
				CB2673C3198DE3FA00CB02A1 /* Debug */,
				CB2673C4198DE3FA00CB02A1 /* Release */,
			);
			defaultConfigurationIsVisible = 0;
			defaultConfigurationName = Release;
		};
/* End XCConfigurationList section */
	};
	rootObject = CB26738B198DE3FA00CB02A1 /* Project object */;
}
