// !$*UTF8*$!
{
	archiveVersion = 1;
	classes = {
	};
	objectVersion = 46;
	objects = {

/* Begin PBXBuildFile section */
		CB068138198E9ABE00B13E49 /* TAGSessionStore.m in Sources */ = {isa = PBXBuildFile; fileRef = CB068137198E9ABE00B13E49 /* TAGSessionStore.m */; };
		CB06813E198E9EB000B13E49 /* TAGAuthStore.m in Sources */ = {isa = PBXBuildFile; fileRef = CB06813D198E9EB000B13E49 /* TAGAuthStore.m */; };
		CB068143198EA9EF00B13E49 /* TAGFeedViewController.m in Sources */ = {isa = PBXBuildFile; fileRef = CB068142198EA9EF00B13E49 /* TAGFeedViewController.m */; };
		CB068145198EAD8F00B13E49 /* bulbUnhighlighted@2x.png in Resources */ = {isa = PBXBuildFile; fileRef = CB068144198EAD8F00B13E49 /* bulbUnhighlighted@2x.png */; };
		CB068147198EADA100B13E49 /* tagHighlighted@2x.png in Resources */ = {isa = PBXBuildFile; fileRef = CB068146198EADA100B13E49 /* tagHighlighted@2x.png */; };
		CB267397198DE3FA00CB02A1 /* Foundation.framework in Frameworks */ = {isa = PBXBuildFile; fileRef = CB267396198DE3FA00CB02A1 /* Foundation.framework */; };
		CB267399198DE3FA00CB02A1 /* CoreGraphics.framework in Frameworks */ = {isa = PBXBuildFile; fileRef = CB267398198DE3FA00CB02A1 /* CoreGraphics.framework */; };
		CB26739B198DE3FA00CB02A1 /* UIKit.framework in Frameworks */ = {isa = PBXBuildFile; fileRef = CB26739A198DE3FA00CB02A1 /* UIKit.framework */; };
		CB2673A1198DE3FA00CB02A1 /* InfoPlist.strings in Resources */ = {isa = PBXBuildFile; fileRef = CB26739F198DE3FA00CB02A1 /* InfoPlist.strings */; };
		CB2673A3198DE3FA00CB02A1 /* main.m in Sources */ = {isa = PBXBuildFile; fileRef = CB2673A2198DE3FA00CB02A1 /* main.m */; };
		CB2673A7198DE3FA00CB02A1 /* TAGAppDelegate.m in Sources */ = {isa = PBXBuildFile; fileRef = CB2673A6198DE3FA00CB02A1 /* TAGAppDelegate.m */; };
		CB2673A9198DE3FA00CB02A1 /* Images.xcassets in Resources */ = {isa = PBXBuildFile; fileRef = CB2673A8198DE3FA00CB02A1 /* Images.xcassets */; };
		CB2673B0198DE3FA00CB02A1 /* XCTest.framework in Frameworks */ = {isa = PBXBuildFile; fileRef = CB2673AF198DE3FA00CB02A1 /* XCTest.framework */; };
		CB2673B1198DE3FA00CB02A1 /* Foundation.framework in Frameworks */ = {isa = PBXBuildFile; fileRef = CB267396198DE3FA00CB02A1 /* Foundation.framework */; };
		CB2673B2198DE3FA00CB02A1 /* UIKit.framework in Frameworks */ = {isa = PBXBuildFile; fileRef = CB26739A198DE3FA00CB02A1 /* UIKit.framework */; };
		CB2673BA198DE3FA00CB02A1 /* InfoPlist.strings in Resources */ = {isa = PBXBuildFile; fileRef = CB2673B8198DE3FA00CB02A1 /* InfoPlist.strings */; };
		CB2673BC198DE3FA00CB02A1 /* TagitTests.m in Sources */ = {isa = PBXBuildFile; fileRef = CB2673BB198DE3FA00CB02A1 /* TagitTests.m */; };
		CB2673CB198DEA3500CB02A1 /* TAGLoginViewController.m in Sources */ = {isa = PBXBuildFile; fileRef = CB2673CA198DEA3500CB02A1 /* TAGLoginViewController.m */; };
		CB2673CE198DEF7800CB02A1 /* logo@2x.png in Resources */ = {isa = PBXBuildFile; fileRef = CB2673CD198DEF7800CB02A1 /* logo@2x.png */; };
		CB2673D2198DF41100CB02A1 /* subheader@2x.png in Resources */ = {isa = PBXBuildFile; fileRef = CB2673D1198DF41100CB02A1 /* subheader@2x.png */; };
		D07B4ED854414D49BBA5AC7F /* libPods.a in Frameworks */ = {isa = PBXBuildFile; fileRef = 8F209F9462484A069D763253 /* libPods.a */; };
/* End PBXBuildFile section */

/* Begin PBXContainerItemProxy section */
		CB2673B3198DE3FA00CB02A1 /* PBXContainerItemProxy */ = {
			isa = PBXContainerItemProxy;
			containerPortal = CB26738B198DE3FA00CB02A1 /* Project object */;
			proxyType = 1;
			remoteGlobalIDString = CB267392198DE3FA00CB02A1;
			remoteInfo = Tagit;
		};
/* End PBXContainerItemProxy section */

/* Begin PBXFileReference section */
		8F209F9462484A069D763253 /* libPods.a */ = {isa = PBXFileReference; explicitFileType = archive.ar; includeInIndex = 0; path = libPods.a; sourceTree = BUILT_PRODUCTS_DIR; };
		9F0B104C482945B0BBD57DDD /* Pods.xcconfig */ = {isa = PBXFileReference; includeInIndex = 1; lastKnownFileType = text.xcconfig; name = Pods.xcconfig; path = Pods/Pods.xcconfig; sourceTree = "<group>"; };
		CB068136198E9ABE00B13E49 /* TAGSessionStore.h */ = {isa = PBXFileReference; fileEncoding = 4; lastKnownFileType = sourcecode.c.h; path = TAGSessionStore.h; sourceTree = "<group>"; };
		CB068137198E9ABE00B13E49 /* TAGSessionStore.m */ = {isa = PBXFileReference; fileEncoding = 4; lastKnownFileType = sourcecode.c.objc; path = TAGSessionStore.m; sourceTree = "<group>"; };
		CB06813C198E9EB000B13E49 /* TAGAuthStore.h */ = {isa = PBXFileReference; fileEncoding = 4; lastKnownFileType = sourcecode.c.h; path = TAGAuthStore.h; sourceTree = "<group>"; };
		CB06813D198E9EB000B13E49 /* TAGAuthStore.m */ = {isa = PBXFileReference; fileEncoding = 4; lastKnownFileType = sourcecode.c.objc; path = TAGAuthStore.m; sourceTree = "<group>"; };
		CB06813F198E9FD000B13E49 /* TAGRoutesConstants.h */ = {isa = PBXFileReference; lastKnownFileType = sourcecode.c.h; path = TAGRoutesConstants.h; sourceTree = "<group>"; };
		CB068141198EA9EF00B13E49 /* TAGFeedViewController.h */ = {isa = PBXFileReference; fileEncoding = 4; lastKnownFileType = sourcecode.c.h; path = TAGFeedViewController.h; sourceTree = "<group>"; };
		CB068142198EA9EF00B13E49 /* TAGFeedViewController.m */ = {isa = PBXFileReference; fileEncoding = 4; lastKnownFileType = sourcecode.c.objc; path = TAGFeedViewController.m; sourceTree = "<group>"; };
		CB068144198EAD8F00B13E49 /* bulbUnhighlighted@2x.png */ = {isa = PBXFileReference; lastKnownFileType = image.png; path = "bulbUnhighlighted@2x.png"; sourceTree = "<group>"; };
		CB068146198EADA100B13E49 /* tagHighlighted@2x.png */ = {isa = PBXFileReference; lastKnownFileType = image.png; path = "tagHighlighted@2x.png"; sourceTree = "<group>"; };
		CB267393198DE3FA00CB02A1 /* Tagit.app */ = {isa = PBXFileReference; explicitFileType = wrapper.application; includeInIndex = 0; path = Tagit.app; sourceTree = BUILT_PRODUCTS_DIR; };
		CB267396198DE3FA00CB02A1 /* Foundation.framework */ = {isa = PBXFileReference; lastKnownFileType = wrapper.framework; name = Foundation.framework; path = System/Library/Frameworks/Foundation.framework; sourceTree = SDKROOT; };
		CB267398198DE3FA00CB02A1 /* CoreGraphics.framework */ = {isa = PBXFileReference; lastKnownFileType = wrapper.framework; name = CoreGraphics.framework; path = System/Library/Frameworks/CoreGraphics.framework; sourceTree = SDKROOT; };
		CB26739A198DE3FA00CB02A1 /* UIKit.framework */ = {isa = PBXFileReference; lastKnownFileType = wrapper.framework; name = UIKit.framework; path = System/Library/Frameworks/UIKit.framework; sourceTree = SDKROOT; };
		CB26739E198DE3FA00CB02A1 /* Tagit-Info.plist */ = {isa = PBXFileReference; lastKnownFileType = text.plist.xml; path = "Tagit-Info.plist"; sourceTree = "<group>"; };
		CB2673A0198DE3FA00CB02A1 /* en */ = {isa = PBXFileReference; lastKnownFileType = text.plist.strings; name = en; path = en.lproj/InfoPlist.strings; sourceTree = "<group>"; };
		CB2673A2198DE3FA00CB02A1 /* main.m */ = {isa = PBXFileReference; lastKnownFileType = sourcecode.c.objc; path = main.m; sourceTree = "<group>"; };
		CB2673A4198DE3FA00CB02A1 /* Tagit-Prefix.pch */ = {isa = PBXFileReference; lastKnownFileType = sourcecode.c.h; path = "Tagit-Prefix.pch"; sourceTree = "<group>"; };
		CB2673A5198DE3FA00CB02A1 /* TAGAppDelegate.h */ = {isa = PBXFileReference; lastKnownFileType = sourcecode.c.h; path = TAGAppDelegate.h; sourceTree = "<group>"; };
		CB2673A6198DE3FA00CB02A1 /* TAGAppDelegate.m */ = {isa = PBXFileReference; lastKnownFileType = sourcecode.c.objc; path = TAGAppDelegate.m; sourceTree = "<group>"; };
		CB2673A8198DE3FA00CB02A1 /* Images.xcassets */ = {isa = PBXFileReference; lastKnownFileType = folder.assetcatalog; path = Images.xcassets; sourceTree = "<group>"; };
		CB2673AE198DE3FA00CB02A1 /* TagitTests.xctest */ = {isa = PBXFileReference; explicitFileType = wrapper.cfbundle; includeInIndex = 0; path = TagitTests.xctest; sourceTree = BUILT_PRODUCTS_DIR; };
		CB2673AF198DE3FA00CB02A1 /* XCTest.framework */ = {isa = PBXFileReference; lastKnownFileType = wrapper.framework; name = XCTest.framework; path = Library/Frameworks/XCTest.framework; sourceTree = DEVELOPER_DIR; };
		CB2673B7198DE3FA00CB02A1 /* TagitTests-Info.plist */ = {isa = PBXFileReference; lastKnownFileType = text.plist.xml; path = "TagitTests-Info.plist"; sourceTree = "<group>"; };
		CB2673B9198DE3FA00CB02A1 /* en */ = {isa = PBXFileReference; lastKnownFileType = text.plist.strings; name = en; path = en.lproj/InfoPlist.strings; sourceTree = "<group>"; };
		CB2673BB198DE3FA00CB02A1 /* TagitTests.m */ = {isa = PBXFileReference; lastKnownFileType = sourcecode.c.objc; path = TagitTests.m; sourceTree = "<group>"; };
		CB2673C9198DEA3500CB02A1 /* TAGLoginViewController.h */ = {isa = PBXFileReference; fileEncoding = 4; lastKnownFileType = sourcecode.c.h; path = TAGLoginViewController.h; sourceTree = "<group>"; };
		CB2673CA198DEA3500CB02A1 /* TAGLoginViewController.m */ = {isa = PBXFileReference; fileEncoding = 4; lastKnownFileType = sourcecode.c.objc; path = TAGLoginViewController.m; sourceTree = "<group>"; };
		CB2673CD198DEF7800CB02A1 /* logo@2x.png */ = {isa = PBXFileReference; lastKnownFileType = image.png; path = "logo@2x.png"; sourceTree = "<group>"; };
		CB2673D0198DF06900CB02A1 /* TAGViewConstants.h */ = {isa = PBXFileReference; lastKnownFileType = sourcecode.c.h; path = TAGViewConstants.h; sourceTree = "<group>"; };
		CB2673D1198DF41100CB02A1 /* subheader@2x.png */ = {isa = PBXFileReference; lastKnownFileType = image.png; path = "subheader@2x.png"; sourceTree = "<group>"; };
/* End PBXFileReference section */

/* Begin PBXFrameworksBuildPhase section */
		CB267390198DE3FA00CB02A1 /* Frameworks */ = {
			isa = PBXFrameworksBuildPhase;
			buildActionMask = 2147483647;
			files = (
				CB267399198DE3FA00CB02A1 /* CoreGraphics.framework in Frameworks */,
				CB26739B198DE3FA00CB02A1 /* UIKit.framework in Frameworks */,
				CB267397198DE3FA00CB02A1 /* Foundation.framework in Frameworks */,
				D07B4ED854414D49BBA5AC7F /* libPods.a in Frameworks */,
			);
			runOnlyForDeploymentPostprocessing = 0;
		};
		CB2673AB198DE3FA00CB02A1 /* Frameworks */ = {
			isa = PBXFrameworksBuildPhase;
			buildActionMask = 2147483647;
			files = (
				CB2673B0198DE3FA00CB02A1 /* XCTest.framework in Frameworks */,
				CB2673B2198DE3FA00CB02A1 /* UIKit.framework in Frameworks */,
				CB2673B1198DE3FA00CB02A1 /* Foundation.framework in Frameworks */,
			);
			runOnlyForDeploymentPostprocessing = 0;
		};
/* End PBXFrameworksBuildPhase section */

/* Begin PBXGroup section */
		CB068134198E9A8F00B13E49 /* Data Layer */ = {
			isa = PBXGroup;
			children = (
				CB068135198E9A9600B13E49 /* Stores */,
			);
			name = "Data Layer";
			sourceTree = "<group>";
		};
		CB068135198E9A9600B13E49 /* Stores */ = {
			isa = PBXGroup;
			children = (
				CB068136198E9ABE00B13E49 /* TAGSessionStore.h */,
				CB068137198E9ABE00B13E49 /* TAGSessionStore.m */,
				CB06813C198E9EB000B13E49 /* TAGAuthStore.h */,
				CB06813D198E9EB000B13E49 /* TAGAuthStore.m */,
			);
			name = Stores;
			sourceTree = "<group>";
		};
		CB068140198EA9DB00B13E49 /* Feed */ = {
			isa = PBXGroup;
			children = (
				CB068141198EA9EF00B13E49 /* TAGFeedViewController.h */,
				CB068142198EA9EF00B13E49 /* TAGFeedViewController.m */,
			);
			name = Feed;
			sourceTree = "<group>";
		};
		CB26738A198DE3FA00CB02A1 = {
			isa = PBXGroup;
			children = (
				CB26739C198DE3FA00CB02A1 /* Tagit */,
				CB2673B5198DE3FA00CB02A1 /* TagitTests */,
				CB267395198DE3FA00CB02A1 /* Frameworks */,
				CB267394198DE3FA00CB02A1 /* Products */,
				9F0B104C482945B0BBD57DDD /* Pods.xcconfig */,
			);
			sourceTree = "<group>";
		};
		CB267394198DE3FA00CB02A1 /* Products */ = {
			isa = PBXGroup;
			children = (
				CB267393198DE3FA00CB02A1 /* Tagit.app */,
				CB2673AE198DE3FA00CB02A1 /* TagitTests.xctest */,
			);
			name = Products;
			sourceTree = "<group>";
		};
		CB267395198DE3FA00CB02A1 /* Frameworks */ = {
			isa = PBXGroup;
			children = (
				CB267396198DE3FA00CB02A1 /* Foundation.framework */,
				CB267398198DE3FA00CB02A1 /* CoreGraphics.framework */,
				CB26739A198DE3FA00CB02A1 /* UIKit.framework */,
				CB2673AF198DE3FA00CB02A1 /* XCTest.framework */,
				8F209F9462484A069D763253 /* libPods.a */,
			);
			name = Frameworks;
			sourceTree = "<group>";
		};
		CB26739C198DE3FA00CB02A1 /* Tagit */ = {
			isa = PBXGroup;
			children = (
				CB068134198E9A8F00B13E49 /* Data Layer */,
				CB2673CF198DF03E00CB02A1 /* Constants */,
				CB2673CC198DEEA300CB02A1 /* Assets */,
				CB2673C5198DE9E100CB02A1 /* Presentation Layer */,
				CB2673A5198DE3FA00CB02A1 /* TAGAppDelegate.h */,
				CB2673A6198DE3FA00CB02A1 /* TAGAppDelegate.m */,
				CB2673A8198DE3FA00CB02A1 /* Images.xcassets */,
				CB26739D198DE3FA00CB02A1 /* Supporting Files */,
			);
			path = Tagit;
			sourceTree = "<group>";
		};
		CB26739D198DE3FA00CB02A1 /* Supporting Files */ = {
			isa = PBXGroup;
			children = (
				CB26739E198DE3FA00CB02A1 /* Tagit-Info.plist */,
				CB26739F198DE3FA00CB02A1 /* InfoPlist.strings */,
				CB2673A2198DE3FA00CB02A1 /* main.m */,
				CB2673A4198DE3FA00CB02A1 /* Tagit-Prefix.pch */,
			);
			name = "Supporting Files";
			sourceTree = "<group>";
		};
		CB2673B5198DE3FA00CB02A1 /* TagitTests */ = {
			isa = PBXGroup;
			children = (
				CB2673BB198DE3FA00CB02A1 /* TagitTests.m */,
				CB2673B6198DE3FA00CB02A1 /* Supporting Files */,
			);
			path = TagitTests;
			sourceTree = "<group>";
		};
		CB2673B6198DE3FA00CB02A1 /* Supporting Files */ = {
			isa = PBXGroup;
			children = (
				CB2673B7198DE3FA00CB02A1 /* TagitTests-Info.plist */,
				CB2673B8198DE3FA00CB02A1 /* InfoPlist.strings */,
			);
			name = "Supporting Files";
			sourceTree = "<group>";
		};
		CB2673C5198DE9E100CB02A1 /* Presentation Layer */ = {
			isa = PBXGroup;
			children = (
				CB2673C7198DE9FC00CB02A1 /* Components */,
				CB2673C6198DE9F200CB02A1 /* View Controllers */,
			);
			name = "Presentation Layer";
			sourceTree = "<group>";
		};
		CB2673C6198DE9F200CB02A1 /* View Controllers */ = {
			isa = PBXGroup;
			children = (
				CB068140198EA9DB00B13E49 /* Feed */,
				CB2673C8198DEA0900CB02A1 /* Login */,
			);
			name = "View Controllers";
			sourceTree = "<group>";
		};
		CB2673C7198DE9FC00CB02A1 /* Components */ = {
			isa = PBXGroup;
			children = (
			);
			name = Components;
			sourceTree = "<group>";
		};
		CB2673C8198DEA0900CB02A1 /* Login */ = {
			isa = PBXGroup;
			children = (
				CB2673C9198DEA3500CB02A1 /* TAGLoginViewController.h */,
				CB2673CA198DEA3500CB02A1 /* TAGLoginViewController.m */,
			);
			name = Login;
			sourceTree = "<group>";
		};
		CB2673CC198DEEA300CB02A1 /* Assets */ = {
			isa = PBXGroup;
			children = (
				CB068146198EADA100B13E49 /* tagHighlighted@2x.png */,
				CB068144198EAD8F00B13E49 /* bulbUnhighlighted@2x.png */,
				CB2673D1198DF41100CB02A1 /* subheader@2x.png */,
				CB2673CD198DEF7800CB02A1 /* logo@2x.png */,
			);
			name = Assets;
			sourceTree = "<group>";
		};
		CB2673CF198DF03E00CB02A1 /* Constants */ = {
			isa = PBXGroup;
			children = (
				CB2673D0198DF06900CB02A1 /* TAGViewConstants.h */,
				CB06813F198E9FD000B13E49 /* TAGRoutesConstants.h */,
			);
			name = Constants;
			sourceTree = "<group>";
		};
/* End PBXGroup section */

/* Begin PBXNativeTarget section */
		CB267392198DE3FA00CB02A1 /* Tagit */ = {
			isa = PBXNativeTarget;
			buildConfigurationList = CB2673BF198DE3FA00CB02A1 /* Build configuration list for PBXNativeTarget "Tagit" */;
			buildPhases = (
				1989B278449C4F74A16A7FC5 /* Check Pods Manifest.lock */,
				CB26738F198DE3FA00CB02A1 /* Sources */,
				CB267390198DE3FA00CB02A1 /* Frameworks */,
				CB267391198DE3FA00CB02A1 /* Resources */,
				B5CD606BFFC44F4D8183B065 /* Copy Pods Resources */,
			);
			buildRules = (
			);
			dependencies = (
			);
			name = Tagit;
			productName = Tagit;
			productReference = CB267393198DE3FA00CB02A1 /* Tagit.app */;
			productType = "com.apple.product-type.application";
		};
		CB2673AD198DE3FA00CB02A1 /* TagitTests */ = {
			isa = PBXNativeTarget;
			buildConfigurationList = CB2673C2198DE3FA00CB02A1 /* Build configuration list for PBXNativeTarget "TagitTests" */;
			buildPhases = (
				CB2673AA198DE3FA00CB02A1 /* Sources */,
				CB2673AB198DE3FA00CB02A1 /* Frameworks */,
				CB2673AC198DE3FA00CB02A1 /* Resources */,
			);
			buildRules = (
			);
			dependencies = (
				CB2673B4198DE3FA00CB02A1 /* PBXTargetDependency */,
			);
			name = TagitTests;
			productName = TagitTests;
			productReference = CB2673AE198DE3FA00CB02A1 /* TagitTests.xctest */;
			productType = "com.apple.product-type.bundle.unit-test";
		};
/* End PBXNativeTarget section */

/* Begin PBXProject section */
		CB26738B198DE3FA00CB02A1 /* Project object */ = {
			isa = PBXProject;
			attributes = {
				CLASSPREFIX = TAG;
				LastUpgradeCheck = 0510;
				ORGANIZATIONNAME = "Shane Rogers";
				TargetAttributes = {
					CB2673AD198DE3FA00CB02A1 = {
						TestTargetID = CB267392198DE3FA00CB02A1;
					};
				};
			};
			buildConfigurationList = CB26738E198DE3FA00CB02A1 /* Build configuration list for PBXProject "Tagit" */;
			compatibilityVersion = "Xcode 3.2";
			developmentRegion = English;
			hasScannedForEncodings = 0;
			knownRegions = (
				en,
			);
			mainGroup = CB26738A198DE3FA00CB02A1;
			productRefGroup = CB267394198DE3FA00CB02A1 /* Products */;
			projectDirPath = "";
			projectRoot = "";
			targets = (
				CB267392198DE3FA00CB02A1 /* Tagit */,
				CB2673AD198DE3FA00CB02A1 /* TagitTests */,
			);
		};
/* End PBXProject section */

/* Begin PBXResourcesBuildPhase section */
		CB267391198DE3FA00CB02A1 /* Resources */ = {
			isa = PBXResourcesBuildPhase;
			buildActionMask = 2147483647;
			files = (
				CB068147198EADA100B13E49 /* tagHighlighted@2x.png in Resources */,
				CB2673A1198DE3FA00CB02A1 /* InfoPlist.strings in Resources */,
				CB068145198EAD8F00B13E49 /* bulbUnhighlighted@2x.png in Resources */,
				CB2673A9198DE3FA00CB02A1 /* Images.xcassets in Resources */,
				CB2673CE198DEF7800CB02A1 /* logo@2x.png in Resources */,
				CB2673D2198DF41100CB02A1 /* subheader@2x.png in Resources */,
			);
			runOnlyForDeploymentPostprocessing = 0;
		};
		CB2673AC198DE3FA00CB02A1 /* Resources */ = {
			isa = PBXResourcesBuildPhase;
			buildActionMask = 2147483647;
			files = (
				CB2673BA198DE3FA00CB02A1 /* InfoPlist.strings in Resources */,
			);
			runOnlyForDeploymentPostprocessing = 0;
		};
/* End PBXResourcesBuildPhase section */

/* Begin PBXShellScriptBuildPhase section */
		1989B278449C4F74A16A7FC5 /* Check Pods Manifest.lock */ = {
			isa = PBXShellScriptBuildPhase;
			buildActionMask = 2147483647;
			files = (
			);
			inputPaths = (
			);
			name = "Check Pods Manifest.lock";
			outputPaths = (
			);
			runOnlyForDeploymentPostprocessing = 0;
			shellPath = /bin/sh;
			shellScript = "diff \"${PODS_ROOT}/../Podfile.lock\" \"${PODS_ROOT}/Manifest.lock\" > /dev/null\nif [[ $? != 0 ]] ; then\n    cat << EOM\nerror: The sandbox is not in sync with the Podfile.lock. Run 'pod install' or update your CocoaPods installation.\nEOM\n    exit 1\nfi\n";
			showEnvVarsInLog = 0;
		};
		B5CD606BFFC44F4D8183B065 /* Copy Pods Resources */ = {
			isa = PBXShellScriptBuildPhase;
			buildActionMask = 2147483647;
			files = (
			);
			inputPaths = (
			);
			name = "Copy Pods Resources";
			outputPaths = (
			);
			runOnlyForDeploymentPostprocessing = 0;
			shellPath = /bin/sh;
			shellScript = "\"${SRCROOT}/Pods/Pods-resources.sh\"\n";
			showEnvVarsInLog = 0;
		};
/* End PBXShellScriptBuildPhase section */

/* Begin PBXSourcesBuildPhase section */
		CB26738F198DE3FA00CB02A1 /* Sources */ = {
			isa = PBXSourcesBuildPhase;
			buildActionMask = 2147483647;
			files = (
				CB06813E198E9EB000B13E49 /* TAGAuthStore.m in Sources */,
				CB2673A3198DE3FA00CB02A1 /* main.m in Sources */,
				CB068138198E9ABE00B13E49 /* TAGSessionStore.m in Sources */,
				CB2673A7198DE3FA00CB02A1 /* TAGAppDelegate.m in Sources */,
				CB2673CB198DEA3500CB02A1 /* TAGLoginViewController.m in Sources */,
				CB068143198EA9EF00B13E49 /* TAGFeedViewController.m in Sources */,
			);
			runOnlyForDeploymentPostprocessing = 0;
		};
		CB2673AA198DE3FA00CB02A1 /* Sources */ = {
			isa = PBXSourcesBuildPhase;
			buildActionMask = 2147483647;
			files = (
				CB2673BC198DE3FA00CB02A1 /* TagitTests.m in Sources */,
			);
			runOnlyForDeploymentPostprocessing = 0;
		};
/* End PBXSourcesBuildPhase section */

/* Begin PBXTargetDependency section */
		CB2673B4198DE3FA00CB02A1 /* PBXTargetDependency */ = {
			isa = PBXTargetDependency;
			target = CB267392198DE3FA00CB02A1 /* Tagit */;
			targetProxy = CB2673B3198DE3FA00CB02A1 /* PBXContainerItemProxy */;
		};
/* End PBXTargetDependency section */

/* Begin PBXVariantGroup section */
		CB26739F198DE3FA00CB02A1 /* InfoPlist.strings */ = {
			isa = PBXVariantGroup;
			children = (
				CB2673A0198DE3FA00CB02A1 /* en */,
			);
			name = InfoPlist.strings;
			sourceTree = "<group>";
		};
		CB2673B8198DE3FA00CB02A1 /* InfoPlist.strings */ = {
			isa = PBXVariantGroup;
			children = (
				CB2673B9198DE3FA00CB02A1 /* en */,
			);
			name = InfoPlist.strings;
			sourceTree = "<group>";
		};
/* End PBXVariantGroup section */

/* Begin XCBuildConfiguration section */
		CB2673BD198DE3FA00CB02A1 /* Debug */ = {
			isa = XCBuildConfiguration;
			buildSettings = {
				ALWAYS_SEARCH_USER_PATHS = NO;
				CLANG_CXX_LANGUAGE_STANDARD = "gnu++0x";
				CLANG_CXX_LIBRARY = "libc++";
				CLANG_ENABLE_MODULES = YES;
				CLANG_ENABLE_OBJC_ARC = YES;
				CLANG_WARN_BOOL_CONVERSION = YES;
				CLANG_WARN_CONSTANT_CONVERSION = YES;
				CLANG_WARN_DIRECT_OBJC_ISA_USAGE = YES_ERROR;
				CLANG_WARN_EMPTY_BODY = YES;
				CLANG_WARN_ENUM_CONVERSION = YES;
				CLANG_WARN_INT_CONVERSION = YES;
				CLANG_WARN_OBJC_ROOT_CLASS = YES_ERROR;
				CLANG_WARN__DUPLICATE_METHOD_MATCH = YES;
				"CODE_SIGN_IDENTITY[sdk=iphoneos*]" = "iPhone Developer";
				COPY_PHASE_STRIP = NO;
				GCC_C_LANGUAGE_STANDARD = gnu99;
				GCC_DYNAMIC_NO_PIC = NO;
				GCC_OPTIMIZATION_LEVEL = 0;
				GCC_PREPROCESSOR_DEFINITIONS = (
					"DEBUG=1",
					"$(inherited)",
				);
				GCC_SYMBOLS_PRIVATE_EXTERN = NO;
				GCC_WARN_64_TO_32_BIT_CONVERSION = YES;
				GCC_WARN_ABOUT_RETURN_TYPE = YES_ERROR;
				GCC_WARN_UNDECLARED_SELECTOR = YES;
				GCC_WARN_UNINITIALIZED_AUTOS = YES_AGGRESSIVE;
				GCC_WARN_UNUSED_FUNCTION = YES;
				GCC_WARN_UNUSED_VARIABLE = YES;
				IPHONEOS_DEPLOYMENT_TARGET = 7.1;
				ONLY_ACTIVE_ARCH = YES;
				SDKROOT = iphoneos;
			};
			name = Debug;
		};
		CB2673BE198DE3FA00CB02A1 /* Release */ = {
			isa = XCBuildConfiguration;
			buildSettings = {
				ALWAYS_SEARCH_USER_PATHS = NO;
				CLANG_CXX_LANGUAGE_STANDARD = "gnu++0x";
				CLANG_CXX_LIBRARY = "libc++";
				CLANG_ENABLE_MODULES = YES;
				CLANG_ENABLE_OBJC_ARC = YES;
				CLANG_WARN_BOOL_CONVERSION = YES;
				CLANG_WARN_CONSTANT_CONVERSION = YES;
				CLANG_WARN_DIRECT_OBJC_ISA_USAGE = YES_ERROR;
				CLANG_WARN_EMPTY_BODY = YES;
				CLANG_WARN_ENUM_CONVERSION = YES;
				CLANG_WARN_INT_CONVERSION = YES;
				CLANG_WARN_OBJC_ROOT_CLASS = YES_ERROR;
				CLANG_WARN__DUPLICATE_METHOD_MATCH = YES;
				"CODE_SIGN_IDENTITY[sdk=iphoneos*]" = "iPhone Developer";
				COPY_PHASE_STRIP = YES;
				ENABLE_NS_ASSERTIONS = NO;
				GCC_C_LANGUAGE_STANDARD = gnu99;
				GCC_WARN_64_TO_32_BIT_CONVERSION = YES;
				GCC_WARN_ABOUT_RETURN_TYPE = YES_ERROR;
				GCC_WARN_UNDECLARED_SELECTOR = YES;
				GCC_WARN_UNINITIALIZED_AUTOS = YES_AGGRESSIVE;
				GCC_WARN_UNUSED_FUNCTION = YES;
				GCC_WARN_UNUSED_VARIABLE = YES;
				IPHONEOS_DEPLOYMENT_TARGET = 7.1;
				SDKROOT = iphoneos;
				VALIDATE_PRODUCT = YES;
			};
			name = Release;
		};
		CB2673C0198DE3FA00CB02A1 /* Debug */ = {
			isa = XCBuildConfiguration;
			baseConfigurationReference = 9F0B104C482945B0BBD57DDD /* Pods.xcconfig */;
			buildSettings = {
				ASSETCATALOG_COMPILER_APPICON_NAME = AppIcon;
				ASSETCATALOG_COMPILER_LAUNCHIMAGE_NAME = LaunchImage;
				GCC_PRECOMPILE_PREFIX_HEADER = YES;
				GCC_PREFIX_HEADER = "Tagit/Tagit-Prefix.pch";
				INFOPLIST_FILE = "Tagit/Tagit-Info.plist";
				PRODUCT_NAME = "$(TARGET_NAME)";
				WRAPPER_EXTENSION = app;
			};
			name = Debug;
		};
		CB2673C1198DE3FA00CB02A1 /* Release */ = {
			isa = XCBuildConfiguration;
			baseConfigurationReference = 9F0B104C482945B0BBD57DDD /* Pods.xcconfig */;
			buildSettings = {
				ASSETCATALOG_COMPILER_APPICON_NAME = AppIcon;
				ASSETCATALOG_COMPILER_LAUNCHIMAGE_NAME = LaunchImage;
				GCC_PRECOMPILE_PREFIX_HEADER = YES;
				GCC_PREFIX_HEADER = "Tagit/Tagit-Prefix.pch";
				INFOPLIST_FILE = "Tagit/Tagit-Info.plist";
				PRODUCT_NAME = "$(TARGET_NAME)";
				WRAPPER_EXTENSION = app;
			};
			name = Release;
		};
		CB2673C3198DE3FA00CB02A1 /* Debug */ = {
			isa = XCBuildConfiguration;
			buildSettings = {
				BUNDLE_LOADER = "$(BUILT_PRODUCTS_DIR)/Tagit.app/Tagit";
				FRAMEWORK_SEARCH_PATHS = (
					"$(SDKROOT)/Developer/Library/Frameworks",
					"$(inherited)",
					"$(DEVELOPER_FRAMEWORKS_DIR)",
				);
				GCC_PRECOMPILE_PREFIX_HEADER = YES;
				GCC_PREFIX_HEADER = "Tagit/Tagit-Prefix.pch";
				GCC_PREPROCESSOR_DEFINITIONS = (
					"DEBUG=1",
					"$(inherited)",
				);
				INFOPLIST_FILE = "TagitTests/TagitTests-Info.plist";
				PRODUCT_NAME = "$(TARGET_NAME)";
				TEST_HOST = "$(BUNDLE_LOADER)";
				WRAPPER_EXTENSION = xctest;
			};
			name = Debug;
		};
		CB2673C4198DE3FA00CB02A1 /* Release */ = {
			isa = XCBuildConfiguration;
			buildSettings = {
				BUNDLE_LOADER = "$(BUILT_PRODUCTS_DIR)/Tagit.app/Tagit";
				FRAMEWORK_SEARCH_PATHS = (
					"$(SDKROOT)/Developer/Library/Frameworks",
					"$(inherited)",
					"$(DEVELOPER_FRAMEWORKS_DIR)",
				);
				GCC_PRECOMPILE_PREFIX_HEADER = YES;
				GCC_PREFIX_HEADER = "Tagit/Tagit-Prefix.pch";
				INFOPLIST_FILE = "TagitTests/TagitTests-Info.plist";
				PRODUCT_NAME = "$(TARGET_NAME)";
				TEST_HOST = "$(BUNDLE_LOADER)";
				WRAPPER_EXTENSION = xctest;
			};
			name = Release;
		};
/* End XCBuildConfiguration section */

/* Begin XCConfigurationList section */
		CB26738E198DE3FA00CB02A1 /* Build configuration list for PBXProject "Tagit" */ = {
			isa = XCConfigurationList;
			buildConfigurations = (
				CB2673BD198DE3FA00CB02A1 /* Debug */,
				CB2673BE198DE3FA00CB02A1 /* Release */,
			);
			defaultConfigurationIsVisible = 0;
			defaultConfigurationName = Release;
		};
		CB2673BF198DE3FA00CB02A1 /* Build configuration list for PBXNativeTarget "Tagit" */ = {
			isa = XCConfigurationList;
			buildConfigurations = (
				CB2673C0198DE3FA00CB02A1 /* Debug */,
				CB2673C1198DE3FA00CB02A1 /* Release */,
			);
			defaultConfigurationIsVisible = 0;
			defaultConfigurationName = Release;
		};
		CB2673C2198DE3FA00CB02A1 /* Build configuration list for PBXNativeTarget "TagitTests" */ = {
			isa = XCConfigurationList;
			buildConfigurations = (
				CB2673C3198DE3FA00CB02A1 /* Debug */,
				CB2673C4198DE3FA00CB02A1 /* Release */,
			);
			defaultConfigurationIsVisible = 0;
			defaultConfigurationName = Release;
		};
/* End XCConfigurationList section */
	};
	rootObject = CB26738B198DE3FA00CB02A1 /* Project object */;
}
